// !$*UTF8*$!
{
	archiveVersion = 1;
	classes = {
	};
	objectVersion = 46;
	objects = {

/* Begin PBXBuildFile section */
		9727369C1CE930620066F61E /* MapKit.framework in Frameworks */ = {isa = PBXBuildFile; fileRef = 9727369B1CE930620066F61E /* MapKit.framework */; };
		972736A11CE9332A0066F61E /* ONDUCarParkVwController.m in Sources */ = {isa = PBXBuildFile; fileRef = 972736A01CE9332A0066F61E /* ONDUCarParkVwController.m */; };
		972736A81CE9366E0066F61E /* UINavigationController+LeftBtnItem.m in Sources */ = {isa = PBXBuildFile; fileRef = 972736A71CE9366E0066F61E /* UINavigationController+LeftBtnItem.m */; };
		972736AA1CE951FC0066F61E /* CoreLocation.framework in Frameworks */ = {isa = PBXBuildFile; fileRef = 972736A91CE951FC0066F61E /* CoreLocation.framework */; };
		972736AD1CE957F60066F61E /* ONDUMapAnnotation.m in Sources */ = {isa = PBXBuildFile; fileRef = 972736AC1CE957F60066F61E /* ONDUMapAnnotation.m */; };
		972736AF1CE958B70066F61E /* Contacts.framework in Frameworks */ = {isa = PBXBuildFile; fileRef = 972736AE1CE958B70066F61E /* Contacts.framework */; };
		97398A941CF3D53A00C96387 /* Motor-40.png in Resources */ = {isa = PBXBuildFile; fileRef = 97398A831CF3D53A00C96387 /* Motor-40.png */; };
		97398A951CF3D53A00C96387 /* Motor-40@2x.png in Resources */ = {isa = PBXBuildFile; fileRef = 97398A841CF3D53A00C96387 /* Motor-40@2x.png */; };
		97398A961CF3D53A00C96387 /* Motor-40@3x.png in Resources */ = {isa = PBXBuildFile; fileRef = 97398A851CF3D53A00C96387 /* Motor-40@3x.png */; };
		97398A971CF3D53A00C96387 /* Motor-60@2x.png in Resources */ = {isa = PBXBuildFile; fileRef = 97398A861CF3D53A00C96387 /* Motor-60@2x.png */; };
		97398A981CF3D53A00C96387 /* Motor-60@3x.png in Resources */ = {isa = PBXBuildFile; fileRef = 97398A871CF3D53A00C96387 /* Motor-60@3x.png */; };
		97398A991CF3D53A00C96387 /* Motor-72.png in Resources */ = {isa = PBXBuildFile; fileRef = 97398A881CF3D53A00C96387 /* Motor-72.png */; };
		97398A9A1CF3D53A00C96387 /* Motor-72@2x.png in Resources */ = {isa = PBXBuildFile; fileRef = 97398A891CF3D53A00C96387 /* Motor-72@2x.png */; };
		97398A9B1CF3D53A00C96387 /* Motor-76.png in Resources */ = {isa = PBXBuildFile; fileRef = 97398A8A1CF3D53A00C96387 /* Motor-76.png */; };
		97398A9C1CF3D53A00C96387 /* Motor-76@2x.png in Resources */ = {isa = PBXBuildFile; fileRef = 97398A8B1CF3D53A00C96387 /* Motor-76@2x.png */; };
		97398A9D1CF3D53A00C96387 /* Motor-83.5@2x.png in Resources */ = {isa = PBXBuildFile; fileRef = 97398A8C1CF3D53A00C96387 /* Motor-83.5@2x.png */; };
		97398A9E1CF3D53A00C96387 /* Motor-Small-50.png in Resources */ = {isa = PBXBuildFile; fileRef = 97398A8D1CF3D53A00C96387 /* Motor-Small-50.png */; };
		97398A9F1CF3D53A00C96387 /* Motor-Small-50@2x.png in Resources */ = {isa = PBXBuildFile; fileRef = 97398A8E1CF3D53A00C96387 /* Motor-Small-50@2x.png */; };
		97398AA01CF3D53A00C96387 /* Motor-Small.png in Resources */ = {isa = PBXBuildFile; fileRef = 97398A8F1CF3D53A00C96387 /* Motor-Small.png */; };
		97398AA11CF3D53A00C96387 /* Motor-Small@2x.png in Resources */ = {isa = PBXBuildFile; fileRef = 97398A901CF3D53A00C96387 /* Motor-Small@2x.png */; };
		97398AA21CF3D53A00C96387 /* Motor-Small@3x.png in Resources */ = {isa = PBXBuildFile; fileRef = 97398A911CF3D53A00C96387 /* Motor-Small@3x.png */; };
		97398AA31CF3D53A00C96387 /* Motor.png in Resources */ = {isa = PBXBuildFile; fileRef = 97398A921CF3D53A00C96387 /* Motor.png */; };
		97398AA41CF3D53A00C96387 /* Motor@2x.png in Resources */ = {isa = PBXBuildFile; fileRef = 97398A931CF3D53A00C96387 /* Motor@2x.png */; };
		97398AFA1CF3DA5E00C96387 /* GasFuel-40.png in Resources */ = {isa = PBXBuildFile; fileRef = 97398AA51CF3DA5D00C96387 /* GasFuel-40.png */; };
		97398AFB1CF3DA5E00C96387 /* GasFuel-40@2x.png in Resources */ = {isa = PBXBuildFile; fileRef = 97398AA61CF3DA5D00C96387 /* GasFuel-40@2x.png */; };
		97398AFC1CF3DA5E00C96387 /* GasFuel-40@3x.png in Resources */ = {isa = PBXBuildFile; fileRef = 97398AA71CF3DA5D00C96387 /* GasFuel-40@3x.png */; };
		97398AFD1CF3DA5E00C96387 /* GasFuel-60@2x.png in Resources */ = {isa = PBXBuildFile; fileRef = 97398AA81CF3DA5D00C96387 /* GasFuel-60@2x.png */; };
		97398AFE1CF3DA5E00C96387 /* GasFuel-60@3x.png in Resources */ = {isa = PBXBuildFile; fileRef = 97398AA91CF3DA5D00C96387 /* GasFuel-60@3x.png */; };
		97398AFF1CF3DA5E00C96387 /* GasFuel-72.png in Resources */ = {isa = PBXBuildFile; fileRef = 97398AAA1CF3DA5D00C96387 /* GasFuel-72.png */; };
		97398B001CF3DA5E00C96387 /* GasFuel-72@2x.png in Resources */ = {isa = PBXBuildFile; fileRef = 97398AAB1CF3DA5D00C96387 /* GasFuel-72@2x.png */; };
		97398B011CF3DA5E00C96387 /* GasFuel-76.png in Resources */ = {isa = PBXBuildFile; fileRef = 97398AAC1CF3DA5D00C96387 /* GasFuel-76.png */; };
		97398B021CF3DA5E00C96387 /* GasFuel-76@2x.png in Resources */ = {isa = PBXBuildFile; fileRef = 97398AAD1CF3DA5D00C96387 /* GasFuel-76@2x.png */; };
		97398B031CF3DA5E00C96387 /* GasFuel-83.5@2x.png in Resources */ = {isa = PBXBuildFile; fileRef = 97398AAE1CF3DA5D00C96387 /* GasFuel-83.5@2x.png */; };
		97398B041CF3DA5E00C96387 /* GasFuel-Small-50.png in Resources */ = {isa = PBXBuildFile; fileRef = 97398AAF1CF3DA5D00C96387 /* GasFuel-Small-50.png */; };
		97398B051CF3DA5E00C96387 /* GasFuel-Small-50@2x.png in Resources */ = {isa = PBXBuildFile; fileRef = 97398AB01CF3DA5D00C96387 /* GasFuel-Small-50@2x.png */; };
		97398B061CF3DA5E00C96387 /* GasFuel-Small.png in Resources */ = {isa = PBXBuildFile; fileRef = 97398AB11CF3DA5D00C96387 /* GasFuel-Small.png */; };
		97398B071CF3DA5E00C96387 /* GasFuel-Small@2x.png in Resources */ = {isa = PBXBuildFile; fileRef = 97398AB21CF3DA5D00C96387 /* GasFuel-Small@2x.png */; };
		97398B081CF3DA5E00C96387 /* GasFuel-Small@3x.png in Resources */ = {isa = PBXBuildFile; fileRef = 97398AB31CF3DA5D00C96387 /* GasFuel-Small@3x.png */; };
		97398B091CF3DA5E00C96387 /* GasFuel.png in Resources */ = {isa = PBXBuildFile; fileRef = 97398AB41CF3DA5D00C96387 /* GasFuel.png */; };
		97398B0A1CF3DA5E00C96387 /* GasFuel@2x.png in Resources */ = {isa = PBXBuildFile; fileRef = 97398AB51CF3DA5D00C96387 /* GasFuel@2x.png */; };
		97398B0B1CF3DA5E00C96387 /* Hospital-40.png in Resources */ = {isa = PBXBuildFile; fileRef = 97398AB61CF3DA5D00C96387 /* Hospital-40.png */; };
		97398B0C1CF3DA5E00C96387 /* Hospital-40@2x.png in Resources */ = {isa = PBXBuildFile; fileRef = 97398AB71CF3DA5D00C96387 /* Hospital-40@2x.png */; };
		97398B0D1CF3DA5E00C96387 /* Hospital-40@3x.png in Resources */ = {isa = PBXBuildFile; fileRef = 97398AB81CF3DA5D00C96387 /* Hospital-40@3x.png */; };
		97398B0E1CF3DA5E00C96387 /* Hospital-60@2x.png in Resources */ = {isa = PBXBuildFile; fileRef = 97398AB91CF3DA5D00C96387 /* Hospital-60@2x.png */; };
		97398B0F1CF3DA5E00C96387 /* Hospital-60@3x.png in Resources */ = {isa = PBXBuildFile; fileRef = 97398ABA1CF3DA5D00C96387 /* Hospital-60@3x.png */; };
		97398B101CF3DA5E00C96387 /* Hospital-72.png in Resources */ = {isa = PBXBuildFile; fileRef = 97398ABB1CF3DA5D00C96387 /* Hospital-72.png */; };
		97398B111CF3DA5E00C96387 /* Hospital-72@2x.png in Resources */ = {isa = PBXBuildFile; fileRef = 97398ABC1CF3DA5D00C96387 /* Hospital-72@2x.png */; };
		97398B121CF3DA5E00C96387 /* Hospital-76.png in Resources */ = {isa = PBXBuildFile; fileRef = 97398ABD1CF3DA5D00C96387 /* Hospital-76.png */; };
		97398B131CF3DA5E00C96387 /* Hospital-76@2x.png in Resources */ = {isa = PBXBuildFile; fileRef = 97398ABE1CF3DA5D00C96387 /* Hospital-76@2x.png */; };
		97398B141CF3DA5E00C96387 /* Hospital-83.5@2x.png in Resources */ = {isa = PBXBuildFile; fileRef = 97398ABF1CF3DA5D00C96387 /* Hospital-83.5@2x.png */; };
		97398B151CF3DA5E00C96387 /* Hospital-Small-50.png in Resources */ = {isa = PBXBuildFile; fileRef = 97398AC01CF3DA5D00C96387 /* Hospital-Small-50.png */; };
		97398B161CF3DA5E00C96387 /* Hospital-Small-50@2x.png in Resources */ = {isa = PBXBuildFile; fileRef = 97398AC11CF3DA5D00C96387 /* Hospital-Small-50@2x.png */; };
		97398B171CF3DA5E00C96387 /* Hospital-Small.png in Resources */ = {isa = PBXBuildFile; fileRef = 97398AC21CF3DA5D00C96387 /* Hospital-Small.png */; };
		97398B181CF3DA5E00C96387 /* Hospital-Small@2x.png in Resources */ = {isa = PBXBuildFile; fileRef = 97398AC31CF3DA5D00C96387 /* Hospital-Small@2x.png */; };
		97398B191CF3DA5E00C96387 /* Hospital-Small@3x.png in Resources */ = {isa = PBXBuildFile; fileRef = 97398AC41CF3DA5D00C96387 /* Hospital-Small@3x.png */; };
		97398B1A1CF3DA5E00C96387 /* Hospital.png in Resources */ = {isa = PBXBuildFile; fileRef = 97398AC51CF3DA5D00C96387 /* Hospital.png */; };
		97398B1B1CF3DA5E00C96387 /* Hospital@2x.png in Resources */ = {isa = PBXBuildFile; fileRef = 97398AC61CF3DA5D00C96387 /* Hospital@2x.png */; };
		97398B1C1CF3DA5E00C96387 /* Hotel-40.png in Resources */ = {isa = PBXBuildFile; fileRef = 97398AC71CF3DA5D00C96387 /* Hotel-40.png */; };
		97398B1D1CF3DA5E00C96387 /* Hotel-40@2x.png in Resources */ = {isa = PBXBuildFile; fileRef = 97398AC81CF3DA5D00C96387 /* Hotel-40@2x.png */; };
		97398B1E1CF3DA5E00C96387 /* Hotel-40@3x.png in Resources */ = {isa = PBXBuildFile; fileRef = 97398AC91CF3DA5D00C96387 /* Hotel-40@3x.png */; };
		97398B1F1CF3DA5E00C96387 /* Hotel-60@2x.png in Resources */ = {isa = PBXBuildFile; fileRef = 97398ACA1CF3DA5D00C96387 /* Hotel-60@2x.png */; };
		97398B201CF3DA5E00C96387 /* Hotel-60@3x.png in Resources */ = {isa = PBXBuildFile; fileRef = 97398ACB1CF3DA5D00C96387 /* Hotel-60@3x.png */; };
		97398B211CF3DA5E00C96387 /* Hotel-72.png in Resources */ = {isa = PBXBuildFile; fileRef = 97398ACC1CF3DA5D00C96387 /* Hotel-72.png */; };
		97398B221CF3DA5E00C96387 /* Hotel-72@2x.png in Resources */ = {isa = PBXBuildFile; fileRef = 97398ACD1CF3DA5D00C96387 /* Hotel-72@2x.png */; };
		97398B231CF3DA5E00C96387 /* Hotel-76.png in Resources */ = {isa = PBXBuildFile; fileRef = 97398ACE1CF3DA5D00C96387 /* Hotel-76.png */; };
		97398B241CF3DA5E00C96387 /* Hotel-76@2x.png in Resources */ = {isa = PBXBuildFile; fileRef = 97398ACF1CF3DA5E00C96387 /* Hotel-76@2x.png */; };
		97398B251CF3DA5E00C96387 /* Hotel-83.5@2x.png in Resources */ = {isa = PBXBuildFile; fileRef = 97398AD01CF3DA5E00C96387 /* Hotel-83.5@2x.png */; };
		97398B261CF3DA5E00C96387 /* Hotel-Small-50.png in Resources */ = {isa = PBXBuildFile; fileRef = 97398AD11CF3DA5E00C96387 /* Hotel-Small-50.png */; };
		97398B271CF3DA5E00C96387 /* Hotel-Small-50@2x.png in Resources */ = {isa = PBXBuildFile; fileRef = 97398AD21CF3DA5E00C96387 /* Hotel-Small-50@2x.png */; };
		97398B281CF3DA5E00C96387 /* Hotel-Small.png in Resources */ = {isa = PBXBuildFile; fileRef = 97398AD31CF3DA5E00C96387 /* Hotel-Small.png */; };
		97398B291CF3DA5E00C96387 /* Hotel-Small@2x.png in Resources */ = {isa = PBXBuildFile; fileRef = 97398AD41CF3DA5E00C96387 /* Hotel-Small@2x.png */; };
		97398B2A1CF3DA5E00C96387 /* Hotel-Small@3x.png in Resources */ = {isa = PBXBuildFile; fileRef = 97398AD51CF3DA5E00C96387 /* Hotel-Small@3x.png */; };
		97398B2B1CF3DA5E00C96387 /* Hotel.png in Resources */ = {isa = PBXBuildFile; fileRef = 97398AD61CF3DA5E00C96387 /* Hotel.png */; };
		97398B2C1CF3DA5E00C96387 /* Hotel@2x.png in Resources */ = {isa = PBXBuildFile; fileRef = 97398AD71CF3DA5E00C96387 /* Hotel@2x.png */; };
		97398B2D1CF3DA5E00C96387 /* Restaurant-40.png in Resources */ = {isa = PBXBuildFile; fileRef = 97398AD81CF3DA5E00C96387 /* Restaurant-40.png */; };
		97398B2E1CF3DA5E00C96387 /* Restaurant-40@2x.png in Resources */ = {isa = PBXBuildFile; fileRef = 97398AD91CF3DA5E00C96387 /* Restaurant-40@2x.png */; };
		97398B2F1CF3DA5E00C96387 /* Restaurant-40@3x.png in Resources */ = {isa = PBXBuildFile; fileRef = 97398ADA1CF3DA5E00C96387 /* Restaurant-40@3x.png */; };
		97398B301CF3DA5E00C96387 /* Restaurant-60@2x.png in Resources */ = {isa = PBXBuildFile; fileRef = 97398ADB1CF3DA5E00C96387 /* Restaurant-60@2x.png */; };
		97398B311CF3DA5E00C96387 /* Restaurant-60@3x.png in Resources */ = {isa = PBXBuildFile; fileRef = 97398ADC1CF3DA5E00C96387 /* Restaurant-60@3x.png */; };
		97398B321CF3DA5E00C96387 /* Restaurant-72.png in Resources */ = {isa = PBXBuildFile; fileRef = 97398ADD1CF3DA5E00C96387 /* Restaurant-72.png */; };
		97398B331CF3DA5E00C96387 /* Restaurant-72@2x.png in Resources */ = {isa = PBXBuildFile; fileRef = 97398ADE1CF3DA5E00C96387 /* Restaurant-72@2x.png */; };
		97398B341CF3DA5E00C96387 /* Restaurant-76.png in Resources */ = {isa = PBXBuildFile; fileRef = 97398ADF1CF3DA5E00C96387 /* Restaurant-76.png */; };
		97398B351CF3DA5E00C96387 /* Restaurant-76@2x.png in Resources */ = {isa = PBXBuildFile; fileRef = 97398AE01CF3DA5E00C96387 /* Restaurant-76@2x.png */; };
		97398B361CF3DA5E00C96387 /* Restaurant-83.5@2x.png in Resources */ = {isa = PBXBuildFile; fileRef = 97398AE11CF3DA5E00C96387 /* Restaurant-83.5@2x.png */; };
		97398B371CF3DA5E00C96387 /* Restaurant-Small-50.png in Resources */ = {isa = PBXBuildFile; fileRef = 97398AE21CF3DA5E00C96387 /* Restaurant-Small-50.png */; };
		97398B381CF3DA5E00C96387 /* Restaurant-Small-50@2x.png in Resources */ = {isa = PBXBuildFile; fileRef = 97398AE31CF3DA5E00C96387 /* Restaurant-Small-50@2x.png */; };
		97398B391CF3DA5E00C96387 /* Restaurant-Small.png in Resources */ = {isa = PBXBuildFile; fileRef = 97398AE41CF3DA5E00C96387 /* Restaurant-Small.png */; };
		97398B3A1CF3DA5E00C96387 /* Restaurant-Small@2x.png in Resources */ = {isa = PBXBuildFile; fileRef = 97398AE51CF3DA5E00C96387 /* Restaurant-Small@2x.png */; };
		97398B3B1CF3DA5E00C96387 /* Restaurant-Small@3x.png in Resources */ = {isa = PBXBuildFile; fileRef = 97398AE61CF3DA5E00C96387 /* Restaurant-Small@3x.png */; };
		97398B3C1CF3DA5E00C96387 /* Restaurant.png in Resources */ = {isa = PBXBuildFile; fileRef = 97398AE71CF3DA5E00C96387 /* Restaurant.png */; };
		97398B3D1CF3DA5E00C96387 /* Restaurant@2x.png in Resources */ = {isa = PBXBuildFile; fileRef = 97398AE81CF3DA5E00C96387 /* Restaurant@2x.png */; };
		97398B3E1CF3DA5E00C96387 /* Timer-40.png in Resources */ = {isa = PBXBuildFile; fileRef = 97398AE91CF3DA5E00C96387 /* Timer-40.png */; };
		97398B3F1CF3DA5E00C96387 /* Timer-40@2x.png in Resources */ = {isa = PBXBuildFile; fileRef = 97398AEA1CF3DA5E00C96387 /* Timer-40@2x.png */; };
		97398B401CF3DA5E00C96387 /* Timer-40@3x.png in Resources */ = {isa = PBXBuildFile; fileRef = 97398AEB1CF3DA5E00C96387 /* Timer-40@3x.png */; };
		97398B411CF3DA5E00C96387 /* Timer-60@2x.png in Resources */ = {isa = PBXBuildFile; fileRef = 97398AEC1CF3DA5E00C96387 /* Timer-60@2x.png */; };
		97398B421CF3DA5E00C96387 /* Timer-60@3x.png in Resources */ = {isa = PBXBuildFile; fileRef = 97398AED1CF3DA5E00C96387 /* Timer-60@3x.png */; };
		97398B431CF3DA5E00C96387 /* Timer-72.png in Resources */ = {isa = PBXBuildFile; fileRef = 97398AEE1CF3DA5E00C96387 /* Timer-72.png */; };
		97398B441CF3DA5E00C96387 /* Timer-72@2x.png in Resources */ = {isa = PBXBuildFile; fileRef = 97398AEF1CF3DA5E00C96387 /* Timer-72@2x.png */; };
		97398B451CF3DA5E00C96387 /* Timer-76.png in Resources */ = {isa = PBXBuildFile; fileRef = 97398AF01CF3DA5E00C96387 /* Timer-76.png */; };
		97398B461CF3DA5E00C96387 /* Timer-76@2x.png in Resources */ = {isa = PBXBuildFile; fileRef = 97398AF11CF3DA5E00C96387 /* Timer-76@2x.png */; };
		97398B471CF3DA5E00C96387 /* Timer-83.5@2x.png in Resources */ = {isa = PBXBuildFile; fileRef = 97398AF21CF3DA5E00C96387 /* Timer-83.5@2x.png */; };
		97398B481CF3DA5E00C96387 /* Timer-Small-50.png in Resources */ = {isa = PBXBuildFile; fileRef = 97398AF31CF3DA5E00C96387 /* Timer-Small-50.png */; };
		97398B491CF3DA5E00C96387 /* Timer-Small-50@2x.png in Resources */ = {isa = PBXBuildFile; fileRef = 97398AF41CF3DA5E00C96387 /* Timer-Small-50@2x.png */; };
		97398B4A1CF3DA5E00C96387 /* Timer-Small.png in Resources */ = {isa = PBXBuildFile; fileRef = 97398AF51CF3DA5E00C96387 /* Timer-Small.png */; };
		97398B4B1CF3DA5E00C96387 /* Timer-Small@2x.png in Resources */ = {isa = PBXBuildFile; fileRef = 97398AF61CF3DA5E00C96387 /* Timer-Small@2x.png */; };
		97398B4C1CF3DA5E00C96387 /* Timer-Small@3x.png in Resources */ = {isa = PBXBuildFile; fileRef = 97398AF71CF3DA5E00C96387 /* Timer-Small@3x.png */; };
		97398B4D1CF3DA5E00C96387 /* Timer.png in Resources */ = {isa = PBXBuildFile; fileRef = 97398AF81CF3DA5E00C96387 /* Timer.png */; };
		97398B4E1CF3DA5E00C96387 /* Timer@2x.png in Resources */ = {isa = PBXBuildFile; fileRef = 97398AF91CF3DA5E00C96387 /* Timer@2x.png */; };
		975769DE1CF3F13000CD8AB6 /* WFActivitySpecificItemProvider.m in Sources */ = {isa = PBXBuildFile; fileRef = 975769DD1CF3F13000CD8AB6 /* WFActivitySpecificItemProvider.m */; };
		976BB88E1CEAA5FD00EC1430 /* ONDUTableViewCell.m in Sources */ = {isa = PBXBuildFile; fileRef = 976BB88D1CEAA5FD00EC1430 /* ONDUTableViewCell.m */; };
		976BB8961CEAED8300EC1430 /* EventKit.framework in Frameworks */ = {isa = PBXBuildFile; fileRef = 976BB8951CEAED8300EC1430 /* EventKit.framework */; };
		976BB89C1CEB130100EC1430 /* ONDUTimerViewController.m in Sources */ = {isa = PBXBuildFile; fileRef = 976BB89B1CEB130100EC1430 /* ONDUTimerViewController.m */; };
		976BB89F1CEB155A00EC1430 /* ONDUPkTableViewCell.m in Sources */ = {isa = PBXBuildFile; fileRef = 976BB89E1CEB155A00EC1430 /* ONDUPkTableViewCell.m */; };
		978F3F311CE90357004C3DD7 /* main.m in Sources */ = {isa = PBXBuildFile; fileRef = 978F3F301CE90357004C3DD7 /* main.m */; };
		978F3F341CE90357004C3DD7 /* ONDUAppDelegate.m in Sources */ = {isa = PBXBuildFile; fileRef = 978F3F331CE90357004C3DD7 /* ONDUAppDelegate.m */; };
		978F3F371CE90357004C3DD7 /* ONDUViewController.m in Sources */ = {isa = PBXBuildFile; fileRef = 978F3F361CE90357004C3DD7 /* ONDUViewController.m */; };
		978F3F3A1CE90357004C3DD7 /* Main.storyboard in Resources */ = {isa = PBXBuildFile; fileRef = 978F3F381CE90357004C3DD7 /* Main.storyboard */; };
		978F3F3C1CE90357004C3DD7 /* Assets.xcassets in Resources */ = {isa = PBXBuildFile; fileRef = 978F3F3B1CE90357004C3DD7 /* Assets.xcassets */; };
		978F3F3F1CE90357004C3DD7 /* LaunchScreen.storyboard in Resources */ = {isa = PBXBuildFile; fileRef = 978F3F3D1CE90357004C3DD7 /* LaunchScreen.storyboard */; };
		978F3F4A1CE90357004C3DD7 /* OnDriveUtilitiesTests.m in Sources */ = {isa = PBXBuildFile; fileRef = 978F3F491CE90357004C3DD7 /* OnDriveUtilitiesTests.m */; };
		978F3F551CE90357004C3DD7 /* OnDriveUtilitiesUITests.m in Sources */ = {isa = PBXBuildFile; fileRef = 978F3F541CE90357004C3DD7 /* OnDriveUtilitiesUITests.m */; };
		978F3F641CE90F20004C3DD7 /* ONDUCollViewController.m in Sources */ = {isa = PBXBuildFile; fileRef = 978F3F631CE90F20004C3DD7 /* ONDUCollViewController.m */; };
		978F3F671CE9175F004C3DD7 /* ONDUCollViewCell.m in Sources */ = {isa = PBXBuildFile; fileRef = 978F3F661CE9175F004C3DD7 /* ONDUCollViewCell.m */; };
		97EE52611CF1B66100969C76 /* ONDUShared.m in Sources */ = {isa = PBXBuildFile; fileRef = 97EE52601CF1B66100969C76 /* ONDUShared.m */; };
		97EE52631CF22D3300969C76 /* CoreTelephony.framework in Frameworks */ = {isa = PBXBuildFile; fileRef = 97EE52621CF22D3300969C76 /* CoreTelephony.framework */; };
		97EE52671CF2656C00969C76 /* ONDUTransitViewcontroller.m in Sources */ = {isa = PBXBuildFile; fileRef = 97EE52661CF2656C00969C76 /* ONDUTransitViewcontroller.m */; };
/* End PBXBuildFile section */

/* Begin PBXContainerItemProxy section */
		978F3F461CE90357004C3DD7 /* PBXContainerItemProxy */ = {
			isa = PBXContainerItemProxy;
			containerPortal = 978F3F241CE90357004C3DD7 /* Project object */;
			proxyType = 1;
			remoteGlobalIDString = 978F3F2B1CE90357004C3DD7;
			remoteInfo = OnDriveUtilities;
		};
		978F3F511CE90357004C3DD7 /* PBXContainerItemProxy */ = {
			isa = PBXContainerItemProxy;
			containerPortal = 978F3F241CE90357004C3DD7 /* Project object */;
			proxyType = 1;
			remoteGlobalIDString = 978F3F2B1CE90357004C3DD7;
			remoteInfo = OnDriveUtilities;
		};
/* End PBXContainerItemProxy section */

/* Begin PBXFileReference section */
		9727369B1CE930620066F61E /* MapKit.framework */ = {isa = PBXFileReference; lastKnownFileType = wrapper.framework; name = MapKit.framework; path = System/Library/Frameworks/MapKit.framework; sourceTree = SDKROOT; };
		9727369F1CE9332A0066F61E /* ONDUCarParkVwController.h */ = {isa = PBXFileReference; fileEncoding = 4; lastKnownFileType = sourcecode.c.h; path = ONDUCarParkVwController.h; sourceTree = "<group>"; };
		972736A01CE9332A0066F61E /* ONDUCarParkVwController.m */ = {isa = PBXFileReference; fileEncoding = 4; lastKnownFileType = sourcecode.c.objc; path = ONDUCarParkVwController.m; sourceTree = "<group>"; };
		972736A61CE9366E0066F61E /* UINavigationController+LeftBtnItem.h */ = {isa = PBXFileReference; fileEncoding = 4; lastKnownFileType = sourcecode.c.h; path = "UINavigationController+LeftBtnItem.h"; sourceTree = "<group>"; };
		972736A71CE9366E0066F61E /* UINavigationController+LeftBtnItem.m */ = {isa = PBXFileReference; fileEncoding = 4; lastKnownFileType = sourcecode.c.objc; path = "UINavigationController+LeftBtnItem.m"; sourceTree = "<group>"; };
		972736A91CE951FC0066F61E /* CoreLocation.framework */ = {isa = PBXFileReference; lastKnownFileType = wrapper.framework; name = CoreLocation.framework; path = System/Library/Frameworks/CoreLocation.framework; sourceTree = SDKROOT; };
		972736AB1CE957F60066F61E /* ONDUMapAnnotation.h */ = {isa = PBXFileReference; fileEncoding = 4; lastKnownFileType = sourcecode.c.h; path = ONDUMapAnnotation.h; sourceTree = "<group>"; };
		972736AC1CE957F60066F61E /* ONDUMapAnnotation.m */ = {isa = PBXFileReference; fileEncoding = 4; lastKnownFileType = sourcecode.c.objc; path = ONDUMapAnnotation.m; sourceTree = "<group>"; };
		972736AE1CE958B70066F61E /* Contacts.framework */ = {isa = PBXFileReference; lastKnownFileType = wrapper.framework; name = Contacts.framework; path = System/Library/Frameworks/Contacts.framework; sourceTree = SDKROOT; };
		972736B01CE98AA90066F61E /* AddressBook.framework */ = {isa = PBXFileReference; lastKnownFileType = wrapper.framework; name = AddressBook.framework; path = System/Library/Frameworks/AddressBook.framework; sourceTree = SDKROOT; };
		97398A831CF3D53A00C96387 /* Motor-40.png */ = {isa = PBXFileReference; lastKnownFileType = image.png; name = "Motor-40.png"; path = "OnDriveUtilities/Images/Motor-40.png"; sourceTree = "<group>"; };
		97398A841CF3D53A00C96387 /* Motor-40@2x.png */ = {isa = PBXFileReference; lastKnownFileType = image.png; name = "Motor-40@2x.png"; path = "OnDriveUtilities/Images/Motor-40@2x.png"; sourceTree = "<group>"; };
		97398A851CF3D53A00C96387 /* Motor-40@3x.png */ = {isa = PBXFileReference; lastKnownFileType = image.png; name = "Motor-40@3x.png"; path = "OnDriveUtilities/Images/Motor-40@3x.png"; sourceTree = "<group>"; };
		97398A861CF3D53A00C96387 /* Motor-60@2x.png */ = {isa = PBXFileReference; lastKnownFileType = image.png; name = "Motor-60@2x.png"; path = "OnDriveUtilities/Images/Motor-60@2x.png"; sourceTree = "<group>"; };
		97398A871CF3D53A00C96387 /* Motor-60@3x.png */ = {isa = PBXFileReference; lastKnownFileType = image.png; name = "Motor-60@3x.png"; path = "OnDriveUtilities/Images/Motor-60@3x.png"; sourceTree = "<group>"; };
		97398A881CF3D53A00C96387 /* Motor-72.png */ = {isa = PBXFileReference; lastKnownFileType = image.png; name = "Motor-72.png"; path = "OnDriveUtilities/Images/Motor-72.png"; sourceTree = "<group>"; };
		97398A891CF3D53A00C96387 /* Motor-72@2x.png */ = {isa = PBXFileReference; lastKnownFileType = image.png; name = "Motor-72@2x.png"; path = "OnDriveUtilities/Images/Motor-72@2x.png"; sourceTree = "<group>"; };
		97398A8A1CF3D53A00C96387 /* Motor-76.png */ = {isa = PBXFileReference; lastKnownFileType = image.png; name = "Motor-76.png"; path = "OnDriveUtilities/Images/Motor-76.png"; sourceTree = "<group>"; };
		97398A8B1CF3D53A00C96387 /* Motor-76@2x.png */ = {isa = PBXFileReference; lastKnownFileType = image.png; name = "Motor-76@2x.png"; path = "OnDriveUtilities/Images/Motor-76@2x.png"; sourceTree = "<group>"; };
		97398A8C1CF3D53A00C96387 /* Motor-83.5@2x.png */ = {isa = PBXFileReference; lastKnownFileType = image.png; name = "Motor-83.5@2x.png"; path = "OnDriveUtilities/Images/Motor-83.5@2x.png"; sourceTree = "<group>"; };
		97398A8D1CF3D53A00C96387 /* Motor-Small-50.png */ = {isa = PBXFileReference; lastKnownFileType = image.png; name = "Motor-Small-50.png"; path = "OnDriveUtilities/Images/Motor-Small-50.png"; sourceTree = "<group>"; };
		97398A8E1CF3D53A00C96387 /* Motor-Small-50@2x.png */ = {isa = PBXFileReference; lastKnownFileType = image.png; name = "Motor-Small-50@2x.png"; path = "OnDriveUtilities/Images/Motor-Small-50@2x.png"; sourceTree = "<group>"; };
		97398A8F1CF3D53A00C96387 /* Motor-Small.png */ = {isa = PBXFileReference; lastKnownFileType = image.png; name = "Motor-Small.png"; path = "OnDriveUtilities/Images/Motor-Small.png"; sourceTree = "<group>"; };
		97398A901CF3D53A00C96387 /* Motor-Small@2x.png */ = {isa = PBXFileReference; lastKnownFileType = image.png; name = "Motor-Small@2x.png"; path = "OnDriveUtilities/Images/Motor-Small@2x.png"; sourceTree = "<group>"; };
		97398A911CF3D53A00C96387 /* Motor-Small@3x.png */ = {isa = PBXFileReference; lastKnownFileType = image.png; name = "Motor-Small@3x.png"; path = "OnDriveUtilities/Images/Motor-Small@3x.png"; sourceTree = "<group>"; };
		97398A921CF3D53A00C96387 /* Motor.png */ = {isa = PBXFileReference; lastKnownFileType = image.png; name = Motor.png; path = OnDriveUtilities/Images/Motor.png; sourceTree = "<group>"; };
		97398A931CF3D53A00C96387 /* Motor@2x.png */ = {isa = PBXFileReference; lastKnownFileType = image.png; name = "Motor@2x.png"; path = "OnDriveUtilities/Images/Motor@2x.png"; sourceTree = "<group>"; };
		97398AA51CF3DA5D00C96387 /* GasFuel-40.png */ = {isa = PBXFileReference; lastKnownFileType = image.png; name = "GasFuel-40.png"; path = "OnDriveUtilities/Images/GasFuel-40.png"; sourceTree = "<group>"; };
		97398AA61CF3DA5D00C96387 /* GasFuel-40@2x.png */ = {isa = PBXFileReference; lastKnownFileType = image.png; name = "GasFuel-40@2x.png"; path = "OnDriveUtilities/Images/GasFuel-40@2x.png"; sourceTree = "<group>"; };
		97398AA71CF3DA5D00C96387 /* GasFuel-40@3x.png */ = {isa = PBXFileReference; lastKnownFileType = image.png; name = "GasFuel-40@3x.png"; path = "OnDriveUtilities/Images/GasFuel-40@3x.png"; sourceTree = "<group>"; };
		97398AA81CF3DA5D00C96387 /* GasFuel-60@2x.png */ = {isa = PBXFileReference; lastKnownFileType = image.png; name = "GasFuel-60@2x.png"; path = "OnDriveUtilities/Images/GasFuel-60@2x.png"; sourceTree = "<group>"; };
		97398AA91CF3DA5D00C96387 /* GasFuel-60@3x.png */ = {isa = PBXFileReference; lastKnownFileType = image.png; name = "GasFuel-60@3x.png"; path = "OnDriveUtilities/Images/GasFuel-60@3x.png"; sourceTree = "<group>"; };
		97398AAA1CF3DA5D00C96387 /* GasFuel-72.png */ = {isa = PBXFileReference; lastKnownFileType = image.png; name = "GasFuel-72.png"; path = "OnDriveUtilities/Images/GasFuel-72.png"; sourceTree = "<group>"; };
		97398AAB1CF3DA5D00C96387 /* GasFuel-72@2x.png */ = {isa = PBXFileReference; lastKnownFileType = image.png; name = "GasFuel-72@2x.png"; path = "OnDriveUtilities/Images/GasFuel-72@2x.png"; sourceTree = "<group>"; };
		97398AAC1CF3DA5D00C96387 /* GasFuel-76.png */ = {isa = PBXFileReference; lastKnownFileType = image.png; name = "GasFuel-76.png"; path = "OnDriveUtilities/Images/GasFuel-76.png"; sourceTree = "<group>"; };
		97398AAD1CF3DA5D00C96387 /* GasFuel-76@2x.png */ = {isa = PBXFileReference; lastKnownFileType = image.png; name = "GasFuel-76@2x.png"; path = "OnDriveUtilities/Images/GasFuel-76@2x.png"; sourceTree = "<group>"; };
		97398AAE1CF3DA5D00C96387 /* GasFuel-83.5@2x.png */ = {isa = PBXFileReference; lastKnownFileType = image.png; name = "GasFuel-83.5@2x.png"; path = "OnDriveUtilities/Images/GasFuel-83.5@2x.png"; sourceTree = "<group>"; };
		97398AAF1CF3DA5D00C96387 /* GasFuel-Small-50.png */ = {isa = PBXFileReference; lastKnownFileType = image.png; name = "GasFuel-Small-50.png"; path = "OnDriveUtilities/Images/GasFuel-Small-50.png"; sourceTree = "<group>"; };
		97398AB01CF3DA5D00C96387 /* GasFuel-Small-50@2x.png */ = {isa = PBXFileReference; lastKnownFileType = image.png; name = "GasFuel-Small-50@2x.png"; path = "OnDriveUtilities/Images/GasFuel-Small-50@2x.png"; sourceTree = "<group>"; };
		97398AB11CF3DA5D00C96387 /* GasFuel-Small.png */ = {isa = PBXFileReference; lastKnownFileType = image.png; name = "GasFuel-Small.png"; path = "OnDriveUtilities/Images/GasFuel-Small.png"; sourceTree = "<group>"; };
		97398AB21CF3DA5D00C96387 /* GasFuel-Small@2x.png */ = {isa = PBXFileReference; lastKnownFileType = image.png; name = "GasFuel-Small@2x.png"; path = "OnDriveUtilities/Images/GasFuel-Small@2x.png"; sourceTree = "<group>"; };
		97398AB31CF3DA5D00C96387 /* GasFuel-Small@3x.png */ = {isa = PBXFileReference; lastKnownFileType = image.png; name = "GasFuel-Small@3x.png"; path = "OnDriveUtilities/Images/GasFuel-Small@3x.png"; sourceTree = "<group>"; };
		97398AB41CF3DA5D00C96387 /* GasFuel.png */ = {isa = PBXFileReference; lastKnownFileType = image.png; name = GasFuel.png; path = OnDriveUtilities/Images/GasFuel.png; sourceTree = "<group>"; };
		97398AB51CF3DA5D00C96387 /* GasFuel@2x.png */ = {isa = PBXFileReference; lastKnownFileType = image.png; name = "GasFuel@2x.png"; path = "OnDriveUtilities/Images/GasFuel@2x.png"; sourceTree = "<group>"; };
		97398AB61CF3DA5D00C96387 /* Hospital-40.png */ = {isa = PBXFileReference; lastKnownFileType = image.png; name = "Hospital-40.png"; path = "OnDriveUtilities/Images/Hospital-40.png"; sourceTree = "<group>"; };
		97398AB71CF3DA5D00C96387 /* Hospital-40@2x.png */ = {isa = PBXFileReference; lastKnownFileType = image.png; name = "Hospital-40@2x.png"; path = "OnDriveUtilities/Images/Hospital-40@2x.png"; sourceTree = "<group>"; };
		97398AB81CF3DA5D00C96387 /* Hospital-40@3x.png */ = {isa = PBXFileReference; lastKnownFileType = image.png; name = "Hospital-40@3x.png"; path = "OnDriveUtilities/Images/Hospital-40@3x.png"; sourceTree = "<group>"; };
		97398AB91CF3DA5D00C96387 /* Hospital-60@2x.png */ = {isa = PBXFileReference; lastKnownFileType = image.png; name = "Hospital-60@2x.png"; path = "OnDriveUtilities/Images/Hospital-60@2x.png"; sourceTree = "<group>"; };
		97398ABA1CF3DA5D00C96387 /* Hospital-60@3x.png */ = {isa = PBXFileReference; lastKnownFileType = image.png; name = "Hospital-60@3x.png"; path = "OnDriveUtilities/Images/Hospital-60@3x.png"; sourceTree = "<group>"; };
		97398ABB1CF3DA5D00C96387 /* Hospital-72.png */ = {isa = PBXFileReference; lastKnownFileType = image.png; name = "Hospital-72.png"; path = "OnDriveUtilities/Images/Hospital-72.png"; sourceTree = "<group>"; };
		97398ABC1CF3DA5D00C96387 /* Hospital-72@2x.png */ = {isa = PBXFileReference; lastKnownFileType = image.png; name = "Hospital-72@2x.png"; path = "OnDriveUtilities/Images/Hospital-72@2x.png"; sourceTree = "<group>"; };
		97398ABD1CF3DA5D00C96387 /* Hospital-76.png */ = {isa = PBXFileReference; lastKnownFileType = image.png; name = "Hospital-76.png"; path = "OnDriveUtilities/Images/Hospital-76.png"; sourceTree = "<group>"; };
		97398ABE1CF3DA5D00C96387 /* Hospital-76@2x.png */ = {isa = PBXFileReference; lastKnownFileType = image.png; name = "Hospital-76@2x.png"; path = "OnDriveUtilities/Images/Hospital-76@2x.png"; sourceTree = "<group>"; };
		97398ABF1CF3DA5D00C96387 /* Hospital-83.5@2x.png */ = {isa = PBXFileReference; lastKnownFileType = image.png; name = "Hospital-83.5@2x.png"; path = "OnDriveUtilities/Images/Hospital-83.5@2x.png"; sourceTree = "<group>"; };
		97398AC01CF3DA5D00C96387 /* Hospital-Small-50.png */ = {isa = PBXFileReference; lastKnownFileType = image.png; name = "Hospital-Small-50.png"; path = "OnDriveUtilities/Images/Hospital-Small-50.png"; sourceTree = "<group>"; };
		97398AC11CF3DA5D00C96387 /* Hospital-Small-50@2x.png */ = {isa = PBXFileReference; lastKnownFileType = image.png; name = "Hospital-Small-50@2x.png"; path = "OnDriveUtilities/Images/Hospital-Small-50@2x.png"; sourceTree = "<group>"; };
		97398AC21CF3DA5D00C96387 /* Hospital-Small.png */ = {isa = PBXFileReference; lastKnownFileType = image.png; name = "Hospital-Small.png"; path = "OnDriveUtilities/Images/Hospital-Small.png"; sourceTree = "<group>"; };
		97398AC31CF3DA5D00C96387 /* Hospital-Small@2x.png */ = {isa = PBXFileReference; lastKnownFileType = image.png; name = "Hospital-Small@2x.png"; path = "OnDriveUtilities/Images/Hospital-Small@2x.png"; sourceTree = "<group>"; };
		97398AC41CF3DA5D00C96387 /* Hospital-Small@3x.png */ = {isa = PBXFileReference; lastKnownFileType = image.png; name = "Hospital-Small@3x.png"; path = "OnDriveUtilities/Images/Hospital-Small@3x.png"; sourceTree = "<group>"; };
		97398AC51CF3DA5D00C96387 /* Hospital.png */ = {isa = PBXFileReference; lastKnownFileType = image.png; name = Hospital.png; path = OnDriveUtilities/Images/Hospital.png; sourceTree = "<group>"; };
		97398AC61CF3DA5D00C96387 /* Hospital@2x.png */ = {isa = PBXFileReference; lastKnownFileType = image.png; name = "Hospital@2x.png"; path = "OnDriveUtilities/Images/Hospital@2x.png"; sourceTree = "<group>"; };
		97398AC71CF3DA5D00C96387 /* Hotel-40.png */ = {isa = PBXFileReference; lastKnownFileType = image.png; name = "Hotel-40.png"; path = "OnDriveUtilities/Images/Hotel-40.png"; sourceTree = "<group>"; };
		97398AC81CF3DA5D00C96387 /* Hotel-40@2x.png */ = {isa = PBXFileReference; lastKnownFileType = image.png; name = "Hotel-40@2x.png"; path = "OnDriveUtilities/Images/Hotel-40@2x.png"; sourceTree = "<group>"; };
		97398AC91CF3DA5D00C96387 /* Hotel-40@3x.png */ = {isa = PBXFileReference; lastKnownFileType = image.png; name = "Hotel-40@3x.png"; path = "OnDriveUtilities/Images/Hotel-40@3x.png"; sourceTree = "<group>"; };
		97398ACA1CF3DA5D00C96387 /* Hotel-60@2x.png */ = {isa = PBXFileReference; lastKnownFileType = image.png; name = "Hotel-60@2x.png"; path = "OnDriveUtilities/Images/Hotel-60@2x.png"; sourceTree = "<group>"; };
		97398ACB1CF3DA5D00C96387 /* Hotel-60@3x.png */ = {isa = PBXFileReference; lastKnownFileType = image.png; name = "Hotel-60@3x.png"; path = "OnDriveUtilities/Images/Hotel-60@3x.png"; sourceTree = "<group>"; };
		97398ACC1CF3DA5D00C96387 /* Hotel-72.png */ = {isa = PBXFileReference; lastKnownFileType = image.png; name = "Hotel-72.png"; path = "OnDriveUtilities/Images/Hotel-72.png"; sourceTree = "<group>"; };
		97398ACD1CF3DA5D00C96387 /* Hotel-72@2x.png */ = {isa = PBXFileReference; lastKnownFileType = image.png; name = "Hotel-72@2x.png"; path = "OnDriveUtilities/Images/Hotel-72@2x.png"; sourceTree = "<group>"; };
		97398ACE1CF3DA5D00C96387 /* Hotel-76.png */ = {isa = PBXFileReference; lastKnownFileType = image.png; name = "Hotel-76.png"; path = "OnDriveUtilities/Images/Hotel-76.png"; sourceTree = "<group>"; };
		97398ACF1CF3DA5E00C96387 /* Hotel-76@2x.png */ = {isa = PBXFileReference; lastKnownFileType = image.png; name = "Hotel-76@2x.png"; path = "OnDriveUtilities/Images/Hotel-76@2x.png"; sourceTree = "<group>"; };
		97398AD01CF3DA5E00C96387 /* Hotel-83.5@2x.png */ = {isa = PBXFileReference; lastKnownFileType = image.png; name = "Hotel-83.5@2x.png"; path = "OnDriveUtilities/Images/Hotel-83.5@2x.png"; sourceTree = "<group>"; };
		97398AD11CF3DA5E00C96387 /* Hotel-Small-50.png */ = {isa = PBXFileReference; lastKnownFileType = image.png; name = "Hotel-Small-50.png"; path = "OnDriveUtilities/Images/Hotel-Small-50.png"; sourceTree = "<group>"; };
		97398AD21CF3DA5E00C96387 /* Hotel-Small-50@2x.png */ = {isa = PBXFileReference; lastKnownFileType = image.png; name = "Hotel-Small-50@2x.png"; path = "OnDriveUtilities/Images/Hotel-Small-50@2x.png"; sourceTree = "<group>"; };
		97398AD31CF3DA5E00C96387 /* Hotel-Small.png */ = {isa = PBXFileReference; lastKnownFileType = image.png; name = "Hotel-Small.png"; path = "OnDriveUtilities/Images/Hotel-Small.png"; sourceTree = "<group>"; };
		97398AD41CF3DA5E00C96387 /* Hotel-Small@2x.png */ = {isa = PBXFileReference; lastKnownFileType = image.png; name = "Hotel-Small@2x.png"; path = "OnDriveUtilities/Images/Hotel-Small@2x.png"; sourceTree = "<group>"; };
		97398AD51CF3DA5E00C96387 /* Hotel-Small@3x.png */ = {isa = PBXFileReference; lastKnownFileType = image.png; name = "Hotel-Small@3x.png"; path = "OnDriveUtilities/Images/Hotel-Small@3x.png"; sourceTree = "<group>"; };
		97398AD61CF3DA5E00C96387 /* Hotel.png */ = {isa = PBXFileReference; lastKnownFileType = image.png; name = Hotel.png; path = OnDriveUtilities/Images/Hotel.png; sourceTree = "<group>"; };
		97398AD71CF3DA5E00C96387 /* Hotel@2x.png */ = {isa = PBXFileReference; lastKnownFileType = image.png; name = "Hotel@2x.png"; path = "OnDriveUtilities/Images/Hotel@2x.png"; sourceTree = "<group>"; };
		97398AD81CF3DA5E00C96387 /* Restaurant-40.png */ = {isa = PBXFileReference; lastKnownFileType = image.png; name = "Restaurant-40.png"; path = "OnDriveUtilities/Images/Restaurant-40.png"; sourceTree = "<group>"; };
		97398AD91CF3DA5E00C96387 /* Restaurant-40@2x.png */ = {isa = PBXFileReference; lastKnownFileType = image.png; name = "Restaurant-40@2x.png"; path = "OnDriveUtilities/Images/Restaurant-40@2x.png"; sourceTree = "<group>"; };
		97398ADA1CF3DA5E00C96387 /* Restaurant-40@3x.png */ = {isa = PBXFileReference; lastKnownFileType = image.png; name = "Restaurant-40@3x.png"; path = "OnDriveUtilities/Images/Restaurant-40@3x.png"; sourceTree = "<group>"; };
		97398ADB1CF3DA5E00C96387 /* Restaurant-60@2x.png */ = {isa = PBXFileReference; lastKnownFileType = image.png; name = "Restaurant-60@2x.png"; path = "OnDriveUtilities/Images/Restaurant-60@2x.png"; sourceTree = "<group>"; };
		97398ADC1CF3DA5E00C96387 /* Restaurant-60@3x.png */ = {isa = PBXFileReference; lastKnownFileType = image.png; name = "Restaurant-60@3x.png"; path = "OnDriveUtilities/Images/Restaurant-60@3x.png"; sourceTree = "<group>"; };
		97398ADD1CF3DA5E00C96387 /* Restaurant-72.png */ = {isa = PBXFileReference; lastKnownFileType = image.png; name = "Restaurant-72.png"; path = "OnDriveUtilities/Images/Restaurant-72.png"; sourceTree = "<group>"; };
		97398ADE1CF3DA5E00C96387 /* Restaurant-72@2x.png */ = {isa = PBXFileReference; lastKnownFileType = image.png; name = "Restaurant-72@2x.png"; path = "OnDriveUtilities/Images/Restaurant-72@2x.png"; sourceTree = "<group>"; };
		97398ADF1CF3DA5E00C96387 /* Restaurant-76.png */ = {isa = PBXFileReference; lastKnownFileType = image.png; name = "Restaurant-76.png"; path = "OnDriveUtilities/Images/Restaurant-76.png"; sourceTree = "<group>"; };
		97398AE01CF3DA5E00C96387 /* Restaurant-76@2x.png */ = {isa = PBXFileReference; lastKnownFileType = image.png; name = "Restaurant-76@2x.png"; path = "OnDriveUtilities/Images/Restaurant-76@2x.png"; sourceTree = "<group>"; };
		97398AE11CF3DA5E00C96387 /* Restaurant-83.5@2x.png */ = {isa = PBXFileReference; lastKnownFileType = image.png; name = "Restaurant-83.5@2x.png"; path = "OnDriveUtilities/Images/Restaurant-83.5@2x.png"; sourceTree = "<group>"; };
		97398AE21CF3DA5E00C96387 /* Restaurant-Small-50.png */ = {isa = PBXFileReference; lastKnownFileType = image.png; name = "Restaurant-Small-50.png"; path = "OnDriveUtilities/Images/Restaurant-Small-50.png"; sourceTree = "<group>"; };
		97398AE31CF3DA5E00C96387 /* Restaurant-Small-50@2x.png */ = {isa = PBXFileReference; lastKnownFileType = image.png; name = "Restaurant-Small-50@2x.png"; path = "OnDriveUtilities/Images/Restaurant-Small-50@2x.png"; sourceTree = "<group>"; };
		97398AE41CF3DA5E00C96387 /* Restaurant-Small.png */ = {isa = PBXFileReference; lastKnownFileType = image.png; name = "Restaurant-Small.png"; path = "OnDriveUtilities/Images/Restaurant-Small.png"; sourceTree = "<group>"; };
		97398AE51CF3DA5E00C96387 /* Restaurant-Small@2x.png */ = {isa = PBXFileReference; lastKnownFileType = image.png; name = "Restaurant-Small@2x.png"; path = "OnDriveUtilities/Images/Restaurant-Small@2x.png"; sourceTree = "<group>"; };
		97398AE61CF3DA5E00C96387 /* Restaurant-Small@3x.png */ = {isa = PBXFileReference; lastKnownFileType = image.png; name = "Restaurant-Small@3x.png"; path = "OnDriveUtilities/Images/Restaurant-Small@3x.png"; sourceTree = "<group>"; };
		97398AE71CF3DA5E00C96387 /* Restaurant.png */ = {isa = PBXFileReference; lastKnownFileType = image.png; name = Restaurant.png; path = OnDriveUtilities/Images/Restaurant.png; sourceTree = "<group>"; };
		97398AE81CF3DA5E00C96387 /* Restaurant@2x.png */ = {isa = PBXFileReference; lastKnownFileType = image.png; name = "Restaurant@2x.png"; path = "OnDriveUtilities/Images/Restaurant@2x.png"; sourceTree = "<group>"; };
		97398AE91CF3DA5E00C96387 /* Timer-40.png */ = {isa = PBXFileReference; lastKnownFileType = image.png; name = "Timer-40.png"; path = "OnDriveUtilities/Images/Timer-40.png"; sourceTree = "<group>"; };
		97398AEA1CF3DA5E00C96387 /* Timer-40@2x.png */ = {isa = PBXFileReference; lastKnownFileType = image.png; name = "Timer-40@2x.png"; path = "OnDriveUtilities/Images/Timer-40@2x.png"; sourceTree = "<group>"; };
		97398AEB1CF3DA5E00C96387 /* Timer-40@3x.png */ = {isa = PBXFileReference; lastKnownFileType = image.png; name = "Timer-40@3x.png"; path = "OnDriveUtilities/Images/Timer-40@3x.png"; sourceTree = "<group>"; };
		97398AEC1CF3DA5E00C96387 /* Timer-60@2x.png */ = {isa = PBXFileReference; lastKnownFileType = image.png; name = "Timer-60@2x.png"; path = "OnDriveUtilities/Images/Timer-60@2x.png"; sourceTree = "<group>"; };
		97398AED1CF3DA5E00C96387 /* Timer-60@3x.png */ = {isa = PBXFileReference; lastKnownFileType = image.png; name = "Timer-60@3x.png"; path = "OnDriveUtilities/Images/Timer-60@3x.png"; sourceTree = "<group>"; };
		97398AEE1CF3DA5E00C96387 /* Timer-72.png */ = {isa = PBXFileReference; lastKnownFileType = image.png; name = "Timer-72.png"; path = "OnDriveUtilities/Images/Timer-72.png"; sourceTree = "<group>"; };
		97398AEF1CF3DA5E00C96387 /* Timer-72@2x.png */ = {isa = PBXFileReference; lastKnownFileType = image.png; name = "Timer-72@2x.png"; path = "OnDriveUtilities/Images/Timer-72@2x.png"; sourceTree = "<group>"; };
		97398AF01CF3DA5E00C96387 /* Timer-76.png */ = {isa = PBXFileReference; lastKnownFileType = image.png; name = "Timer-76.png"; path = "OnDriveUtilities/Images/Timer-76.png"; sourceTree = "<group>"; };
		97398AF11CF3DA5E00C96387 /* Timer-76@2x.png */ = {isa = PBXFileReference; lastKnownFileType = image.png; name = "Timer-76@2x.png"; path = "OnDriveUtilities/Images/Timer-76@2x.png"; sourceTree = "<group>"; };
		97398AF21CF3DA5E00C96387 /* Timer-83.5@2x.png */ = {isa = PBXFileReference; lastKnownFileType = image.png; name = "Timer-83.5@2x.png"; path = "OnDriveUtilities/Images/Timer-83.5@2x.png"; sourceTree = "<group>"; };
		97398AF31CF3DA5E00C96387 /* Timer-Small-50.png */ = {isa = PBXFileReference; lastKnownFileType = image.png; name = "Timer-Small-50.png"; path = "OnDriveUtilities/Images/Timer-Small-50.png"; sourceTree = "<group>"; };
		97398AF41CF3DA5E00C96387 /* Timer-Small-50@2x.png */ = {isa = PBXFileReference; lastKnownFileType = image.png; name = "Timer-Small-50@2x.png"; path = "OnDriveUtilities/Images/Timer-Small-50@2x.png"; sourceTree = "<group>"; };
		97398AF51CF3DA5E00C96387 /* Timer-Small.png */ = {isa = PBXFileReference; lastKnownFileType = image.png; name = "Timer-Small.png"; path = "OnDriveUtilities/Images/Timer-Small.png"; sourceTree = "<group>"; };
		97398AF61CF3DA5E00C96387 /* Timer-Small@2x.png */ = {isa = PBXFileReference; lastKnownFileType = image.png; name = "Timer-Small@2x.png"; path = "OnDriveUtilities/Images/Timer-Small@2x.png"; sourceTree = "<group>"; };
		97398AF71CF3DA5E00C96387 /* Timer-Small@3x.png */ = {isa = PBXFileReference; lastKnownFileType = image.png; name = "Timer-Small@3x.png"; path = "OnDriveUtilities/Images/Timer-Small@3x.png"; sourceTree = "<group>"; };
		97398AF81CF3DA5E00C96387 /* Timer.png */ = {isa = PBXFileReference; lastKnownFileType = image.png; name = Timer.png; path = OnDriveUtilities/Images/Timer.png; sourceTree = "<group>"; };
		97398AF91CF3DA5E00C96387 /* Timer@2x.png */ = {isa = PBXFileReference; lastKnownFileType = image.png; name = "Timer@2x.png"; path = "OnDriveUtilities/Images/Timer@2x.png"; sourceTree = "<group>"; };
		975769DC1CF3F13000CD8AB6 /* WFActivitySpecificItemProvider.h */ = {isa = PBXFileReference; fileEncoding = 4; lastKnownFileType = sourcecode.c.h; path = WFActivitySpecificItemProvider.h; sourceTree = "<group>"; };
		975769DD1CF3F13000CD8AB6 /* WFActivitySpecificItemProvider.m */ = {isa = PBXFileReference; fileEncoding = 4; lastKnownFileType = sourcecode.c.objc; path = WFActivitySpecificItemProvider.m; sourceTree = "<group>"; };
		976BB88C1CEAA5FD00EC1430 /* ONDUTableViewCell.h */ = {isa = PBXFileReference; fileEncoding = 4; lastKnownFileType = sourcecode.c.h; path = ONDUTableViewCell.h; sourceTree = "<group>"; };
		976BB88D1CEAA5FD00EC1430 /* ONDUTableViewCell.m */ = {isa = PBXFileReference; fileEncoding = 4; lastKnownFileType = sourcecode.c.objc; path = ONDUTableViewCell.m; sourceTree = "<group>"; };
		976BB8951CEAED8300EC1430 /* EventKit.framework */ = {isa = PBXFileReference; lastKnownFileType = wrapper.framework; name = EventKit.framework; path = System/Library/Frameworks/EventKit.framework; sourceTree = SDKROOT; };
		976BB89A1CEB130100EC1430 /* ONDUTimerViewController.h */ = {isa = PBXFileReference; fileEncoding = 4; lastKnownFileType = sourcecode.c.h; path = ONDUTimerViewController.h; sourceTree = "<group>"; };
		976BB89B1CEB130100EC1430 /* ONDUTimerViewController.m */ = {isa = PBXFileReference; fileEncoding = 4; lastKnownFileType = sourcecode.c.objc; path = ONDUTimerViewController.m; sourceTree = "<group>"; };
		976BB89D1CEB155A00EC1430 /* ONDUPkTableViewCell.h */ = {isa = PBXFileReference; fileEncoding = 4; lastKnownFileType = sourcecode.c.h; path = ONDUPkTableViewCell.h; sourceTree = "<group>"; };
		976BB89E1CEB155A00EC1430 /* ONDUPkTableViewCell.m */ = {isa = PBXFileReference; fileEncoding = 4; lastKnownFileType = sourcecode.c.objc; path = ONDUPkTableViewCell.m; sourceTree = "<group>"; };
		978F3F2C1CE90357004C3DD7 /* OnDriveUtilities.app */ = {isa = PBXFileReference; explicitFileType = wrapper.application; includeInIndex = 0; path = OnDriveUtilities.app; sourceTree = BUILT_PRODUCTS_DIR; };
		978F3F301CE90357004C3DD7 /* main.m */ = {isa = PBXFileReference; lastKnownFileType = sourcecode.c.objc; path = main.m; sourceTree = "<group>"; };
		978F3F321CE90357004C3DD7 /* ONDUAppDelegate.h */ = {isa = PBXFileReference; lastKnownFileType = sourcecode.c.h; path = ONDUAppDelegate.h; sourceTree = "<group>"; };
		978F3F331CE90357004C3DD7 /* ONDUAppDelegate.m */ = {isa = PBXFileReference; lastKnownFileType = sourcecode.c.objc; path = ONDUAppDelegate.m; sourceTree = "<group>"; };
		978F3F351CE90357004C3DD7 /* ONDUViewController.h */ = {isa = PBXFileReference; lastKnownFileType = sourcecode.c.h; path = ONDUViewController.h; sourceTree = "<group>"; };
		978F3F361CE90357004C3DD7 /* ONDUViewController.m */ = {isa = PBXFileReference; lastKnownFileType = sourcecode.c.objc; path = ONDUViewController.m; sourceTree = "<group>"; };
		978F3F391CE90357004C3DD7 /* Base */ = {isa = PBXFileReference; lastKnownFileType = file.storyboard; name = Base; path = Base.lproj/Main.storyboard; sourceTree = "<group>"; };
		978F3F3B1CE90357004C3DD7 /* Assets.xcassets */ = {isa = PBXFileReference; lastKnownFileType = folder.assetcatalog; path = Assets.xcassets; sourceTree = "<group>"; };
		978F3F3E1CE90357004C3DD7 /* Base */ = {isa = PBXFileReference; lastKnownFileType = file.storyboard; name = Base; path = Base.lproj/LaunchScreen.storyboard; sourceTree = "<group>"; };
		978F3F401CE90357004C3DD7 /* Info.plist */ = {isa = PBXFileReference; lastKnownFileType = text.plist.xml; path = Info.plist; sourceTree = "<group>"; };
		978F3F451CE90357004C3DD7 /* OnDriveUtilitiesTests.xctest */ = {isa = PBXFileReference; explicitFileType = wrapper.cfbundle; includeInIndex = 0; path = OnDriveUtilitiesTests.xctest; sourceTree = BUILT_PRODUCTS_DIR; };
		978F3F491CE90357004C3DD7 /* OnDriveUtilitiesTests.m */ = {isa = PBXFileReference; lastKnownFileType = sourcecode.c.objc; path = OnDriveUtilitiesTests.m; sourceTree = "<group>"; };
		978F3F4B1CE90357004C3DD7 /* Info.plist */ = {isa = PBXFileReference; lastKnownFileType = text.plist.xml; path = Info.plist; sourceTree = "<group>"; };
		978F3F501CE90357004C3DD7 /* OnDriveUtilitiesUITests.xctest */ = {isa = PBXFileReference; explicitFileType = wrapper.cfbundle; includeInIndex = 0; path = OnDriveUtilitiesUITests.xctest; sourceTree = BUILT_PRODUCTS_DIR; };
		978F3F541CE90357004C3DD7 /* OnDriveUtilitiesUITests.m */ = {isa = PBXFileReference; lastKnownFileType = sourcecode.c.objc; path = OnDriveUtilitiesUITests.m; sourceTree = "<group>"; };
		978F3F561CE90357004C3DD7 /* Info.plist */ = {isa = PBXFileReference; lastKnownFileType = text.plist.xml; path = Info.plist; sourceTree = "<group>"; };
		978F3F621CE90F20004C3DD7 /* ONDUCollViewController.h */ = {isa = PBXFileReference; fileEncoding = 4; lastKnownFileType = sourcecode.c.h; path = ONDUCollViewController.h; sourceTree = "<group>"; };
		978F3F631CE90F20004C3DD7 /* ONDUCollViewController.m */ = {isa = PBXFileReference; fileEncoding = 4; lastKnownFileType = sourcecode.c.objc; path = ONDUCollViewController.m; sourceTree = "<group>"; };
		978F3F651CE9175F004C3DD7 /* ONDUCollViewCell.h */ = {isa = PBXFileReference; fileEncoding = 4; lastKnownFileType = sourcecode.c.h; path = ONDUCollViewCell.h; sourceTree = "<group>"; };
		978F3F661CE9175F004C3DD7 /* ONDUCollViewCell.m */ = {isa = PBXFileReference; fileEncoding = 4; lastKnownFileType = sourcecode.c.objc; path = ONDUCollViewCell.m; sourceTree = "<group>"; };
		97EE525F1CF1B66100969C76 /* ONDUShared.h */ = {isa = PBXFileReference; fileEncoding = 4; lastKnownFileType = sourcecode.c.h; path = ONDUShared.h; sourceTree = "<group>"; };
		97EE52601CF1B66100969C76 /* ONDUShared.m */ = {isa = PBXFileReference; fileEncoding = 4; lastKnownFileType = sourcecode.c.objc; path = ONDUShared.m; sourceTree = "<group>"; };
		97EE52621CF22D3300969C76 /* CoreTelephony.framework */ = {isa = PBXFileReference; lastKnownFileType = wrapper.framework; name = CoreTelephony.framework; path = System/Library/Frameworks/CoreTelephony.framework; sourceTree = SDKROOT; };
		97EE52651CF2656C00969C76 /* ONDUTransitViewcontroller.h */ = {isa = PBXFileReference; fileEncoding = 4; lastKnownFileType = sourcecode.c.h; path = ONDUTransitViewcontroller.h; sourceTree = "<group>"; };
		97EE52661CF2656C00969C76 /* ONDUTransitViewcontroller.m */ = {isa = PBXFileReference; fileEncoding = 4; lastKnownFileType = sourcecode.c.objc; path = ONDUTransitViewcontroller.m; sourceTree = "<group>"; };
/* End PBXFileReference section */

/* Begin PBXFrameworksBuildPhase section */
		978F3F291CE90357004C3DD7 /* Frameworks */ = {
			isa = PBXFrameworksBuildPhase;
			buildActionMask = 2147483647;
			files = (
				97EE52631CF22D3300969C76 /* CoreTelephony.framework in Frameworks */,
				976BB8961CEAED8300EC1430 /* EventKit.framework in Frameworks */,
				972736AF1CE958B70066F61E /* Contacts.framework in Frameworks */,
				972736AA1CE951FC0066F61E /* CoreLocation.framework in Frameworks */,
				9727369C1CE930620066F61E /* MapKit.framework in Frameworks */,
			);
			runOnlyForDeploymentPostprocessing = 0;
		};
		978F3F421CE90357004C3DD7 /* Frameworks */ = {
			isa = PBXFrameworksBuildPhase;
			buildActionMask = 2147483647;
			files = (
			);
			runOnlyForDeploymentPostprocessing = 0;
		};
		978F3F4D1CE90357004C3DD7 /* Frameworks */ = {
			isa = PBXFrameworksBuildPhase;
			buildActionMask = 2147483647;
			files = (
			);
			runOnlyForDeploymentPostprocessing = 0;
		};
/* End PBXFrameworksBuildPhase section */

/* Begin PBXGroup section */
		9727369D1CE930FD0066F61E /* Frameworks */ = {
			isa = PBXGroup;
			children = (
				97EE52621CF22D3300969C76 /* CoreTelephony.framework */,
				976BB8951CEAED8300EC1430 /* EventKit.framework */,
				972736B01CE98AA90066F61E /* AddressBook.framework */,
				972736AE1CE958B70066F61E /* Contacts.framework */,
				972736A91CE951FC0066F61E /* CoreLocation.framework */,
				9727369B1CE930620066F61E /* MapKit.framework */,
			);
			name = Frameworks;
			sourceTree = "<group>";
		};
		9727369E1CE932E10066F61E /* CarParking */ = {
			isa = PBXGroup;
			children = (
				9727369F1CE9332A0066F61E /* ONDUCarParkVwController.h */,
				972736A01CE9332A0066F61E /* ONDUCarParkVwController.m */,
				972736AB1CE957F60066F61E /* ONDUMapAnnotation.h */,
				972736AC1CE957F60066F61E /* ONDUMapAnnotation.m */,
				976BB88C1CEAA5FD00EC1430 /* ONDUTableViewCell.h */,
				976BB88D1CEAA5FD00EC1430 /* ONDUTableViewCell.m */,
			);
			name = CarParking;
			sourceTree = "<group>";
		};
		972736A21CE935840066F61E /* Category */ = {
			isa = PBXGroup;
			children = (
				972736A61CE9366E0066F61E /* UINavigationController+LeftBtnItem.h */,
				972736A71CE9366E0066F61E /* UINavigationController+LeftBtnItem.m */,
			);
			name = Category;
			sourceTree = "<group>";
		};
		97398B951CF3E9D300C96387 /* Share */ = {
			isa = PBXGroup;
			children = (
				975769DC1CF3F13000CD8AB6 /* WFActivitySpecificItemProvider.h */,
				975769DD1CF3F13000CD8AB6 /* WFActivitySpecificItemProvider.m */,
			);
			name = Share;
			sourceTree = "<group>";
		};
		976BB8991CEB12DE00EC1430 /* Parking Timer */ = {
			isa = PBXGroup;
			children = (
				976BB89A1CEB130100EC1430 /* ONDUTimerViewController.h */,
				976BB89B1CEB130100EC1430 /* ONDUTimerViewController.m */,
				976BB89D1CEB155A00EC1430 /* ONDUPkTableViewCell.h */,
				976BB89E1CEB155A00EC1430 /* ONDUPkTableViewCell.m */,
			);
			name = "Parking Timer";
			sourceTree = "<group>";
		};
		978F3F231CE90357004C3DD7 = {
			isa = PBXGroup;
			children = (
				97EE52931CF39F8000969C76 /* Images */,
				978F3F2E1CE90357004C3DD7 /* OnDriveUtilities */,
				978F3F481CE90357004C3DD7 /* OnDriveUtilitiesTests */,
				978F3F531CE90357004C3DD7 /* OnDriveUtilitiesUITests */,
				978F3F2D1CE90357004C3DD7 /* Products */,
				9727369D1CE930FD0066F61E /* Frameworks */,
			);
			sourceTree = "<group>";
		};
		978F3F2D1CE90357004C3DD7 /* Products */ = {
			isa = PBXGroup;
			children = (
				978F3F2C1CE90357004C3DD7 /* OnDriveUtilities.app */,
				978F3F451CE90357004C3DD7 /* OnDriveUtilitiesTests.xctest */,
				978F3F501CE90357004C3DD7 /* OnDriveUtilitiesUITests.xctest */,
			);
			name = Products;
			sourceTree = "<group>";
		};
		978F3F2E1CE90357004C3DD7 /* OnDriveUtilities */ = {
			isa = PBXGroup;
			children = (
				97398B951CF3E9D300C96387 /* Share */,
				97EE52641CF2653400969C76 /* Transportation */,
				97EE525E1CF1B61800969C76 /* Singleton */,
				976BB8991CEB12DE00EC1430 /* Parking Timer */,
				972736A21CE935840066F61E /* Category */,
				9727369E1CE932E10066F61E /* CarParking */,
				978F3F321CE90357004C3DD7 /* ONDUAppDelegate.h */,
				978F3F331CE90357004C3DD7 /* ONDUAppDelegate.m */,
				978F3F351CE90357004C3DD7 /* ONDUViewController.h */,
				978F3F361CE90357004C3DD7 /* ONDUViewController.m */,
				978F3F621CE90F20004C3DD7 /* ONDUCollViewController.h */,
				978F3F631CE90F20004C3DD7 /* ONDUCollViewController.m */,
				978F3F651CE9175F004C3DD7 /* ONDUCollViewCell.h */,
				978F3F661CE9175F004C3DD7 /* ONDUCollViewCell.m */,
				978F3F381CE90357004C3DD7 /* Main.storyboard */,
				978F3F3B1CE90357004C3DD7 /* Assets.xcassets */,
				978F3F3D1CE90357004C3DD7 /* LaunchScreen.storyboard */,
				978F3F401CE90357004C3DD7 /* Info.plist */,
				978F3F2F1CE90357004C3DD7 /* Supporting Files */,
			);
			path = OnDriveUtilities;
			sourceTree = "<group>";
		};
		978F3F2F1CE90357004C3DD7 /* Supporting Files */ = {
			isa = PBXGroup;
			children = (
				978F3F301CE90357004C3DD7 /* main.m */,
			);
			name = "Supporting Files";
			sourceTree = "<group>";
		};
		978F3F481CE90357004C3DD7 /* OnDriveUtilitiesTests */ = {
			isa = PBXGroup;
			children = (
				978F3F491CE90357004C3DD7 /* OnDriveUtilitiesTests.m */,
				978F3F4B1CE90357004C3DD7 /* Info.plist */,
			);
			path = OnDriveUtilitiesTests;
			sourceTree = "<group>";
		};
		978F3F531CE90357004C3DD7 /* OnDriveUtilitiesUITests */ = {
			isa = PBXGroup;
			children = (
				978F3F541CE90357004C3DD7 /* OnDriveUtilitiesUITests.m */,
				978F3F561CE90357004C3DD7 /* Info.plist */,
			);
			path = OnDriveUtilitiesUITests;
			sourceTree = "<group>";
		};
		97EE525E1CF1B61800969C76 /* Singleton */ = {
			isa = PBXGroup;
			children = (
				97EE525F1CF1B66100969C76 /* ONDUShared.h */,
				97EE52601CF1B66100969C76 /* ONDUShared.m */,
			);
			name = Singleton;
			sourceTree = "<group>";
		};
		97EE52641CF2653400969C76 /* Transportation */ = {
			isa = PBXGroup;
			children = (
				97EE52651CF2656C00969C76 /* ONDUTransitViewcontroller.h */,
				97EE52661CF2656C00969C76 /* ONDUTransitViewcontroller.m */,
			);
			name = Transportation;
			sourceTree = "<group>";
		};
		97EE52931CF39F8000969C76 /* Images */ = {
			isa = PBXGroup;
			children = (
				97398AA51CF3DA5D00C96387 /* GasFuel-40.png */,
				97398AA61CF3DA5D00C96387 /* GasFuel-40@2x.png */,
				97398AA71CF3DA5D00C96387 /* GasFuel-40@3x.png */,
				97398AA81CF3DA5D00C96387 /* GasFuel-60@2x.png */,
				97398AA91CF3DA5D00C96387 /* GasFuel-60@3x.png */,
				97398AAA1CF3DA5D00C96387 /* GasFuel-72.png */,
				97398AAB1CF3DA5D00C96387 /* GasFuel-72@2x.png */,
				97398AAC1CF3DA5D00C96387 /* GasFuel-76.png */,
				97398AAD1CF3DA5D00C96387 /* GasFuel-76@2x.png */,
				97398AAE1CF3DA5D00C96387 /* GasFuel-83.5@2x.png */,
				97398AAF1CF3DA5D00C96387 /* GasFuel-Small-50.png */,
				97398AB01CF3DA5D00C96387 /* GasFuel-Small-50@2x.png */,
				97398AB11CF3DA5D00C96387 /* GasFuel-Small.png */,
				97398AB21CF3DA5D00C96387 /* GasFuel-Small@2x.png */,
				97398AB31CF3DA5D00C96387 /* GasFuel-Small@3x.png */,
				97398AB41CF3DA5D00C96387 /* GasFuel.png */,
				97398AB51CF3DA5D00C96387 /* GasFuel@2x.png */,
				97398AB61CF3DA5D00C96387 /* Hospital-40.png */,
				97398AB71CF3DA5D00C96387 /* Hospital-40@2x.png */,
				97398AB81CF3DA5D00C96387 /* Hospital-40@3x.png */,
				97398AB91CF3DA5D00C96387 /* Hospital-60@2x.png */,
				97398ABA1CF3DA5D00C96387 /* Hospital-60@3x.png */,
				97398ABB1CF3DA5D00C96387 /* Hospital-72.png */,
				97398ABC1CF3DA5D00C96387 /* Hospital-72@2x.png */,
				97398ABD1CF3DA5D00C96387 /* Hospital-76.png */,
				97398ABE1CF3DA5D00C96387 /* Hospital-76@2x.png */,
				97398ABF1CF3DA5D00C96387 /* Hospital-83.5@2x.png */,
				97398AC01CF3DA5D00C96387 /* Hospital-Small-50.png */,
				97398AC11CF3DA5D00C96387 /* Hospital-Small-50@2x.png */,
				97398AC21CF3DA5D00C96387 /* Hospital-Small.png */,
				97398AC31CF3DA5D00C96387 /* Hospital-Small@2x.png */,
				97398AC41CF3DA5D00C96387 /* Hospital-Small@3x.png */,
				97398AC51CF3DA5D00C96387 /* Hospital.png */,
				97398AC61CF3DA5D00C96387 /* Hospital@2x.png */,
				97398AC71CF3DA5D00C96387 /* Hotel-40.png */,
				97398AC81CF3DA5D00C96387 /* Hotel-40@2x.png */,
				97398AC91CF3DA5D00C96387 /* Hotel-40@3x.png */,
				97398ACA1CF3DA5D00C96387 /* Hotel-60@2x.png */,
				97398ACB1CF3DA5D00C96387 /* Hotel-60@3x.png */,
				97398ACC1CF3DA5D00C96387 /* Hotel-72.png */,
				97398ACD1CF3DA5D00C96387 /* Hotel-72@2x.png */,
				97398ACE1CF3DA5D00C96387 /* Hotel-76.png */,
				97398ACF1CF3DA5E00C96387 /* Hotel-76@2x.png */,
				97398AD01CF3DA5E00C96387 /* Hotel-83.5@2x.png */,
				97398AD11CF3DA5E00C96387 /* Hotel-Small-50.png */,
				97398AD21CF3DA5E00C96387 /* Hotel-Small-50@2x.png */,
				97398AD31CF3DA5E00C96387 /* Hotel-Small.png */,
				97398AD41CF3DA5E00C96387 /* Hotel-Small@2x.png */,
				97398AD51CF3DA5E00C96387 /* Hotel-Small@3x.png */,
				97398AD61CF3DA5E00C96387 /* Hotel.png */,
				97398AD71CF3DA5E00C96387 /* Hotel@2x.png */,
				97398AD81CF3DA5E00C96387 /* Restaurant-40.png */,
				97398AD91CF3DA5E00C96387 /* Restaurant-40@2x.png */,
				97398ADA1CF3DA5E00C96387 /* Restaurant-40@3x.png */,
				97398ADB1CF3DA5E00C96387 /* Restaurant-60@2x.png */,
				97398ADC1CF3DA5E00C96387 /* Restaurant-60@3x.png */,
				97398ADD1CF3DA5E00C96387 /* Restaurant-72.png */,
				97398ADE1CF3DA5E00C96387 /* Restaurant-72@2x.png */,
				97398ADF1CF3DA5E00C96387 /* Restaurant-76.png */,
				97398AE01CF3DA5E00C96387 /* Restaurant-76@2x.png */,
				97398AE11CF3DA5E00C96387 /* Restaurant-83.5@2x.png */,
				97398AE21CF3DA5E00C96387 /* Restaurant-Small-50.png */,
				97398AE31CF3DA5E00C96387 /* Restaurant-Small-50@2x.png */,
				97398AE41CF3DA5E00C96387 /* Restaurant-Small.png */,
				97398AE51CF3DA5E00C96387 /* Restaurant-Small@2x.png */,
				97398AE61CF3DA5E00C96387 /* Restaurant-Small@3x.png */,
				97398AE71CF3DA5E00C96387 /* Restaurant.png */,
				97398AE81CF3DA5E00C96387 /* Restaurant@2x.png */,
				97398AE91CF3DA5E00C96387 /* Timer-40.png */,
				97398AEA1CF3DA5E00C96387 /* Timer-40@2x.png */,
				97398AEB1CF3DA5E00C96387 /* Timer-40@3x.png */,
				97398AEC1CF3DA5E00C96387 /* Timer-60@2x.png */,
				97398AED1CF3DA5E00C96387 /* Timer-60@3x.png */,
				97398AEE1CF3DA5E00C96387 /* Timer-72.png */,
				97398AEF1CF3DA5E00C96387 /* Timer-72@2x.png */,
				97398AF01CF3DA5E00C96387 /* Timer-76.png */,
				97398AF11CF3DA5E00C96387 /* Timer-76@2x.png */,
				97398AF21CF3DA5E00C96387 /* Timer-83.5@2x.png */,
				97398AF31CF3DA5E00C96387 /* Timer-Small-50.png */,
				97398AF41CF3DA5E00C96387 /* Timer-Small-50@2x.png */,
				97398AF51CF3DA5E00C96387 /* Timer-Small.png */,
				97398AF61CF3DA5E00C96387 /* Timer-Small@2x.png */,
				97398AF71CF3DA5E00C96387 /* Timer-Small@3x.png */,
				97398AF81CF3DA5E00C96387 /* Timer.png */,
				97398AF91CF3DA5E00C96387 /* Timer@2x.png */,
				97398A831CF3D53A00C96387 /* Motor-40.png */,
				97398A841CF3D53A00C96387 /* Motor-40@2x.png */,
				97398A851CF3D53A00C96387 /* Motor-40@3x.png */,
				97398A861CF3D53A00C96387 /* Motor-60@2x.png */,
				97398A871CF3D53A00C96387 /* Motor-60@3x.png */,
				97398A881CF3D53A00C96387 /* Motor-72.png */,
				97398A891CF3D53A00C96387 /* Motor-72@2x.png */,
				97398A8A1CF3D53A00C96387 /* Motor-76.png */,
				97398A8B1CF3D53A00C96387 /* Motor-76@2x.png */,
				97398A8C1CF3D53A00C96387 /* Motor-83.5@2x.png */,
				97398A8D1CF3D53A00C96387 /* Motor-Small-50.png */,
				97398A8E1CF3D53A00C96387 /* Motor-Small-50@2x.png */,
				97398A8F1CF3D53A00C96387 /* Motor-Small.png */,
				97398A901CF3D53A00C96387 /* Motor-Small@2x.png */,
				97398A911CF3D53A00C96387 /* Motor-Small@3x.png */,
				97398A921CF3D53A00C96387 /* Motor.png */,
				97398A931CF3D53A00C96387 /* Motor@2x.png */,
			);
			name = Images;
			sourceTree = "<group>";
		};
/* End PBXGroup section */

/* Begin PBXNativeTarget section */
		978F3F2B1CE90357004C3DD7 /* OnDriveUtilities */ = {
			isa = PBXNativeTarget;
			buildConfigurationList = 978F3F591CE90357004C3DD7 /* Build configuration list for PBXNativeTarget "OnDriveUtilities" */;
			buildPhases = (
				978F3F281CE90357004C3DD7 /* Sources */,
				978F3F291CE90357004C3DD7 /* Frameworks */,
				978F3F2A1CE90357004C3DD7 /* Resources */,
			);
			buildRules = (
			);
			dependencies = (
			);
			name = OnDriveUtilities;
			productName = OnDriveUtilities;
			productReference = 978F3F2C1CE90357004C3DD7 /* OnDriveUtilities.app */;
			productType = "com.apple.product-type.application";
		};
		978F3F441CE90357004C3DD7 /* OnDriveUtilitiesTests */ = {
			isa = PBXNativeTarget;
			buildConfigurationList = 978F3F5C1CE90357004C3DD7 /* Build configuration list for PBXNativeTarget "OnDriveUtilitiesTests" */;
			buildPhases = (
				978F3F411CE90357004C3DD7 /* Sources */,
				978F3F421CE90357004C3DD7 /* Frameworks */,
				978F3F431CE90357004C3DD7 /* Resources */,
			);
			buildRules = (
			);
			dependencies = (
				978F3F471CE90357004C3DD7 /* PBXTargetDependency */,
			);
			name = OnDriveUtilitiesTests;
			productName = OnDriveUtilitiesTests;
			productReference = 978F3F451CE90357004C3DD7 /* OnDriveUtilitiesTests.xctest */;
			productType = "com.apple.product-type.bundle.unit-test";
		};
		978F3F4F1CE90357004C3DD7 /* OnDriveUtilitiesUITests */ = {
			isa = PBXNativeTarget;
			buildConfigurationList = 978F3F5F1CE90357004C3DD7 /* Build configuration list for PBXNativeTarget "OnDriveUtilitiesUITests" */;
			buildPhases = (
				978F3F4C1CE90357004C3DD7 /* Sources */,
				978F3F4D1CE90357004C3DD7 /* Frameworks */,
				978F3F4E1CE90357004C3DD7 /* Resources */,
			);
			buildRules = (
			);
			dependencies = (
				978F3F521CE90357004C3DD7 /* PBXTargetDependency */,
			);
			name = OnDriveUtilitiesUITests;
			productName = OnDriveUtilitiesUITests;
			productReference = 978F3F501CE90357004C3DD7 /* OnDriveUtilitiesUITests.xctest */;
			productType = "com.apple.product-type.bundle.ui-testing";
		};
/* End PBXNativeTarget section */

/* Begin PBXProject section */
		978F3F241CE90357004C3DD7 /* Project object */ = {
			isa = PBXProject;
			attributes = {
				LastUpgradeCheck = 0730;
				ORGANIZATIONNAME = "Hussain Shabbir";
				TargetAttributes = {
					978F3F2B1CE90357004C3DD7 = {
						CreatedOnToolsVersion = 7.3.1;
						SystemCapabilities = {
							com.apple.Maps.iOS = {
								enabled = 1;
							};
						};
					};
					978F3F441CE90357004C3DD7 = {
						CreatedOnToolsVersion = 7.3.1;
						TestTargetID = 978F3F2B1CE90357004C3DD7;
					};
					978F3F4F1CE90357004C3DD7 = {
						CreatedOnToolsVersion = 7.3.1;
						TestTargetID = 978F3F2B1CE90357004C3DD7;
					};
				};
			};
			buildConfigurationList = 978F3F271CE90357004C3DD7 /* Build configuration list for PBXProject "OnDriveUtilities" */;
			compatibilityVersion = "Xcode 3.2";
			developmentRegion = English;
			hasScannedForEncodings = 0;
			knownRegions = (
				en,
				Base,
			);
			mainGroup = 978F3F231CE90357004C3DD7;
			productRefGroup = 978F3F2D1CE90357004C3DD7 /* Products */;
			projectDirPath = "";
			projectRoot = "";
			targets = (
				978F3F2B1CE90357004C3DD7 /* OnDriveUtilities */,
				978F3F441CE90357004C3DD7 /* OnDriveUtilitiesTests */,
				978F3F4F1CE90357004C3DD7 /* OnDriveUtilitiesUITests */,
			);
		};
/* End PBXProject section */

/* Begin PBXResourcesBuildPhase section */
		978F3F2A1CE90357004C3DD7 /* Resources */ = {
			isa = PBXResourcesBuildPhase;
			buildActionMask = 2147483647;
			files = (
				97398B321CF3DA5E00C96387 /* Restaurant-72.png in Resources */,
				97398A981CF3D53A00C96387 /* Motor-60@3x.png in Resources */,
				97398A941CF3D53A00C96387 /* Motor-40.png in Resources */,
				97398B221CF3DA5E00C96387 /* Hotel-72@2x.png in Resources */,
				97398B4D1CF3DA5E00C96387 /* Timer.png in Resources */,
				97398B081CF3DA5E00C96387 /* GasFuel-Small@3x.png in Resources */,
				97398A971CF3D53A00C96387 /* Motor-60@2x.png in Resources */,
				97398B371CF3DA5E00C96387 /* Restaurant-Small-50.png in Resources */,
				97398A991CF3D53A00C96387 /* Motor-72.png in Resources */,
				97398B111CF3DA5E00C96387 /* Hospital-72@2x.png in Resources */,
				97398B0B1CF3DA5E00C96387 /* Hospital-40.png in Resources */,
				97398B4B1CF3DA5E00C96387 /* Timer-Small@2x.png in Resources */,
				97398AFB1CF3DA5E00C96387 /* GasFuel-40@2x.png in Resources */,
				97398B001CF3DA5E00C96387 /* GasFuel-72@2x.png in Resources */,
				97398B071CF3DA5E00C96387 /* GasFuel-Small@2x.png in Resources */,
				978F3F3F1CE90357004C3DD7 /* LaunchScreen.storyboard in Resources */,
				97398B091CF3DA5E00C96387 /* GasFuel.png in Resources */,
				97398B491CF3DA5E00C96387 /* Timer-Small-50@2x.png in Resources */,
				97398B051CF3DA5E00C96387 /* GasFuel-Small-50@2x.png in Resources */,
				97398AFA1CF3DA5E00C96387 /* GasFuel-40.png in Resources */,
				97398B401CF3DA5E00C96387 /* Timer-40@3x.png in Resources */,
				97398B0C1CF3DA5E00C96387 /* Hospital-40@2x.png in Resources */,
				97398B151CF3DA5E00C96387 /* Hospital-Small-50.png in Resources */,
				97398B2D1CF3DA5E00C96387 /* Restaurant-40.png in Resources */,
				97398AA41CF3D53A00C96387 /* Motor@2x.png in Resources */,
				97398B061CF3DA5E00C96387 /* GasFuel-Small.png in Resources */,
				97398B2A1CF3DA5E00C96387 /* Hotel-Small@3x.png in Resources */,
				97398B131CF3DA5E00C96387 /* Hospital-76@2x.png in Resources */,
				97398B481CF3DA5E00C96387 /* Timer-Small-50.png in Resources */,
				97398B181CF3DA5E00C96387 /* Hospital-Small@2x.png in Resources */,
				97398B141CF3DA5E00C96387 /* Hospital-83.5@2x.png in Resources */,
				97398B3B1CF3DA5E00C96387 /* Restaurant-Small@3x.png in Resources */,
				97398B271CF3DA5E00C96387 /* Hotel-Small-50@2x.png in Resources */,
				97398B241CF3DA5E00C96387 /* Hotel-76@2x.png in Resources */,
				97398A9B1CF3D53A00C96387 /* Motor-76.png in Resources */,
				97398B1B1CF3DA5E00C96387 /* Hospital@2x.png in Resources */,
				97398B431CF3DA5E00C96387 /* Timer-72.png in Resources */,
				97398B301CF3DA5E00C96387 /* Restaurant-60@2x.png in Resources */,
				97398A951CF3D53A00C96387 /* Motor-40@2x.png in Resources */,
				97398B291CF3DA5E00C96387 /* Hotel-Small@2x.png in Resources */,
				97398B191CF3DA5E00C96387 /* Hospital-Small@3x.png in Resources */,
				97398B0A1CF3DA5E00C96387 /* GasFuel@2x.png in Resources */,
				97398B3F1CF3DA5E00C96387 /* Timer-40@2x.png in Resources */,
				97398B331CF3DA5E00C96387 /* Restaurant-72@2x.png in Resources */,
				97398B381CF3DA5E00C96387 /* Restaurant-Small-50@2x.png in Resources */,
				97398B011CF3DA5E00C96387 /* GasFuel-76.png in Resources */,
				97398AA11CF3D53A00C96387 /* Motor-Small@2x.png in Resources */,
				97398B351CF3DA5E00C96387 /* Restaurant-76@2x.png in Resources */,
				97398B251CF3DA5E00C96387 /* Hotel-83.5@2x.png in Resources */,
				97398B441CF3DA5E00C96387 /* Timer-72@2x.png in Resources */,
				97398A9A1CF3D53A00C96387 /* Motor-72@2x.png in Resources */,
				97398B311CF3DA5E00C96387 /* Restaurant-60@3x.png in Resources */,
				97398AA01CF3D53A00C96387 /* Motor-Small.png in Resources */,
				97398AFC1CF3DA5E00C96387 /* GasFuel-40@3x.png in Resources */,
				97398AFE1CF3DA5E00C96387 /* GasFuel-60@3x.png in Resources */,
				97398B201CF3DA5E00C96387 /* Hotel-60@3x.png in Resources */,
				97398B341CF3DA5E00C96387 /* Restaurant-76.png in Resources */,
				97398AFD1CF3DA5E00C96387 /* GasFuel-60@2x.png in Resources */,
				97398B4E1CF3DA5E00C96387 /* Timer@2x.png in Resources */,
				97398B101CF3DA5E00C96387 /* Hospital-72.png in Resources */,
				97398B1C1CF3DA5E00C96387 /* Hotel-40.png in Resources */,
				97398B411CF3DA5E00C96387 /* Timer-60@2x.png in Resources */,
				97398B1A1CF3DA5E00C96387 /* Hospital.png in Resources */,
				97398B161CF3DA5E00C96387 /* Hospital-Small-50@2x.png in Resources */,
				97398B031CF3DA5E00C96387 /* GasFuel-83.5@2x.png in Resources */,
				97398B451CF3DA5E00C96387 /* Timer-76.png in Resources */,
				97398B211CF3DA5E00C96387 /* Hotel-72.png in Resources */,
				97398B2E1CF3DA5E00C96387 /* Restaurant-40@2x.png in Resources */,
				97398B171CF3DA5E00C96387 /* Hospital-Small.png in Resources */,
				978F3F3C1CE90357004C3DD7 /* Assets.xcassets in Resources */,
				97398AA21CF3D53A00C96387 /* Motor-Small@3x.png in Resources */,
				97398B0E1CF3DA5E00C96387 /* Hospital-60@2x.png in Resources */,
				97398B391CF3DA5E00C96387 /* Restaurant-Small.png in Resources */,
				97398A9D1CF3D53A00C96387 /* Motor-83.5@2x.png in Resources */,
				97398B361CF3DA5E00C96387 /* Restaurant-83.5@2x.png in Resources */,
				97398B021CF3DA5E00C96387 /* GasFuel-76@2x.png in Resources */,
				97398A9E1CF3D53A00C96387 /* Motor-Small-50.png in Resources */,
				97398B281CF3DA5E00C96387 /* Hotel-Small.png in Resources */,
				978F3F3A1CE90357004C3DD7 /* Main.storyboard in Resources */,
				97398B471CF3DA5E00C96387 /* Timer-83.5@2x.png in Resources */,
				97398A9C1CF3D53A00C96387 /* Motor-76@2x.png in Resources */,
				97398AA31CF3D53A00C96387 /* Motor.png in Resources */,
				97398B461CF3DA5E00C96387 /* Timer-76@2x.png in Resources */,
				97398B231CF3DA5E00C96387 /* Hotel-76.png in Resources */,
				97398B0D1CF3DA5E00C96387 /* Hospital-40@3x.png in Resources */,
				97398B3A1CF3DA5E00C96387 /* Restaurant-Small@2x.png in Resources */,
				97398B0F1CF3DA5E00C96387 /* Hospital-60@3x.png in Resources */,
				97398B3E1CF3DA5E00C96387 /* Timer-40.png in Resources */,
				97398B121CF3DA5E00C96387 /* Hospital-76.png in Resources */,
				97398B041CF3DA5E00C96387 /* GasFuel-Small-50.png in Resources */,
				97398AFF1CF3DA5E00C96387 /* GasFuel-72.png in Resources */,
				97398B4A1CF3DA5E00C96387 /* Timer-Small.png in Resources */,
				97398B1F1CF3DA5E00C96387 /* Hotel-60@2x.png in Resources */,
				97398B2F1CF3DA5E00C96387 /* Restaurant-40@3x.png in Resources */,
				97398B2B1CF3DA5E00C96387 /* Hotel.png in Resources */,
				97398B421CF3DA5E00C96387 /* Timer-60@3x.png in Resources */,
				97398B1D1CF3DA5E00C96387 /* Hotel-40@2x.png in Resources */,
				97398B4C1CF3DA5E00C96387 /* Timer-Small@3x.png in Resources */,
				97398A961CF3D53A00C96387 /* Motor-40@3x.png in Resources */,
				97398B3C1CF3DA5E00C96387 /* Restaurant.png in Resources */,
				97398B3D1CF3DA5E00C96387 /* Restaurant@2x.png in Resources */,
				97398A9F1CF3D53A00C96387 /* Motor-Small-50@2x.png in Resources */,
				97398B2C1CF3DA5E00C96387 /* Hotel@2x.png in Resources */,
				97398B261CF3DA5E00C96387 /* Hotel-Small-50.png in Resources */,
				97398B1E1CF3DA5E00C96387 /* Hotel-40@3x.png in Resources */,
			);
			runOnlyForDeploymentPostprocessing = 0;
		};
		978F3F431CE90357004C3DD7 /* Resources */ = {
			isa = PBXResourcesBuildPhase;
			buildActionMask = 2147483647;
			files = (
			);
			runOnlyForDeploymentPostprocessing = 0;
		};
		978F3F4E1CE90357004C3DD7 /* Resources */ = {
			isa = PBXResourcesBuildPhase;
			buildActionMask = 2147483647;
			files = (
			);
			runOnlyForDeploymentPostprocessing = 0;
		};
/* End PBXResourcesBuildPhase section */

/* Begin PBXSourcesBuildPhase section */
		978F3F281CE90357004C3DD7 /* Sources */ = {
			isa = PBXSourcesBuildPhase;
			buildActionMask = 2147483647;
			files = (
				975769DE1CF3F13000CD8AB6 /* WFActivitySpecificItemProvider.m in Sources */,
				976BB89F1CEB155A00EC1430 /* ONDUPkTableViewCell.m in Sources */,
				978F3F371CE90357004C3DD7 /* ONDUViewController.m in Sources */,
				97EE52671CF2656C00969C76 /* ONDUTransitViewcontroller.m in Sources */,
				978F3F671CE9175F004C3DD7 /* ONDUCollViewCell.m in Sources */,
				978F3F341CE90357004C3DD7 /* ONDUAppDelegate.m in Sources */,
				97EE52611CF1B66100969C76 /* ONDUShared.m in Sources */,
				978F3F641CE90F20004C3DD7 /* ONDUCollViewController.m in Sources */,
				976BB89C1CEB130100EC1430 /* ONDUTimerViewController.m in Sources */,
				978F3F311CE90357004C3DD7 /* main.m in Sources */,
				976BB88E1CEAA5FD00EC1430 /* ONDUTableViewCell.m in Sources */,
				972736AD1CE957F60066F61E /* ONDUMapAnnotation.m in Sources */,
				972736A81CE9366E0066F61E /* UINavigationController+LeftBtnItem.m in Sources */,
				972736A11CE9332A0066F61E /* ONDUCarParkVwController.m in Sources */,
			);
			runOnlyForDeploymentPostprocessing = 0;
		};
		978F3F411CE90357004C3DD7 /* Sources */ = {
			isa = PBXSourcesBuildPhase;
			buildActionMask = 2147483647;
			files = (
				978F3F4A1CE90357004C3DD7 /* OnDriveUtilitiesTests.m in Sources */,
			);
			runOnlyForDeploymentPostprocessing = 0;
		};
		978F3F4C1CE90357004C3DD7 /* Sources */ = {
			isa = PBXSourcesBuildPhase;
			buildActionMask = 2147483647;
			files = (
				978F3F551CE90357004C3DD7 /* OnDriveUtilitiesUITests.m in Sources */,
			);
			runOnlyForDeploymentPostprocessing = 0;
		};
/* End PBXSourcesBuildPhase section */

/* Begin PBXTargetDependency section */
		978F3F471CE90357004C3DD7 /* PBXTargetDependency */ = {
			isa = PBXTargetDependency;
			target = 978F3F2B1CE90357004C3DD7 /* OnDriveUtilities */;
			targetProxy = 978F3F461CE90357004C3DD7 /* PBXContainerItemProxy */;
		};
		978F3F521CE90357004C3DD7 /* PBXTargetDependency */ = {
			isa = PBXTargetDependency;
			target = 978F3F2B1CE90357004C3DD7 /* OnDriveUtilities */;
			targetProxy = 978F3F511CE90357004C3DD7 /* PBXContainerItemProxy */;
		};
/* End PBXTargetDependency section */

/* Begin PBXVariantGroup section */
		978F3F381CE90357004C3DD7 /* Main.storyboard */ = {
			isa = PBXVariantGroup;
			children = (
				978F3F391CE90357004C3DD7 /* Base */,
			);
			name = Main.storyboard;
			sourceTree = "<group>";
		};
		978F3F3D1CE90357004C3DD7 /* LaunchScreen.storyboard */ = {
			isa = PBXVariantGroup;
			children = (
				978F3F3E1CE90357004C3DD7 /* Base */,
			);
			name = LaunchScreen.storyboard;
			sourceTree = "<group>";
		};
/* End PBXVariantGroup section */

/* Begin XCBuildConfiguration section */
		978F3F571CE90357004C3DD7 /* Debug */ = {
			isa = XCBuildConfiguration;
			buildSettings = {
				ALWAYS_SEARCH_USER_PATHS = NO;
				CLANG_ANALYZER_NONNULL = YES;
				CLANG_CXX_LANGUAGE_STANDARD = "gnu++0x";
				CLANG_CXX_LIBRARY = "libc++";
				CLANG_ENABLE_MODULES = YES;
				CLANG_ENABLE_OBJC_ARC = YES;
				CLANG_WARN_BOOL_CONVERSION = YES;
				CLANG_WARN_CONSTANT_CONVERSION = YES;
				CLANG_WARN_DIRECT_OBJC_ISA_USAGE = YES_ERROR;
				CLANG_WARN_EMPTY_BODY = YES;
				CLANG_WARN_ENUM_CONVERSION = YES;
				CLANG_WARN_INT_CONVERSION = YES;
				CLANG_WARN_OBJC_ROOT_CLASS = YES_ERROR;
				CLANG_WARN_UNREACHABLE_CODE = YES;
				CLANG_WARN__DUPLICATE_METHOD_MATCH = YES;
				CODE_SIGN_IDENTITY = "iPhone Developer: Hussain Shabbir Hussain (286VQAS9G5)";
				"CODE_SIGN_IDENTITY[sdk=iphoneos*]" = "iPhone Developer: Hussain Shabbir Hussain (286VQAS9G5)";
				COPY_PHASE_STRIP = NO;
				DEBUG_INFORMATION_FORMAT = dwarf;
				ENABLE_STRICT_OBJC_MSGSEND = YES;
				ENABLE_TESTABILITY = YES;
				GCC_C_LANGUAGE_STANDARD = gnu99;
				GCC_DYNAMIC_NO_PIC = NO;
				GCC_NO_COMMON_BLOCKS = YES;
				GCC_OPTIMIZATION_LEVEL = 0;
				GCC_PREPROCESSOR_DEFINITIONS = (
					"DEBUG=1",
					"$(inherited)",
				);
				GCC_WARN_64_TO_32_BIT_CONVERSION = YES;
				GCC_WARN_ABOUT_RETURN_TYPE = YES_ERROR;
				GCC_WARN_UNDECLARED_SELECTOR = YES;
				GCC_WARN_UNINITIALIZED_AUTOS = YES_AGGRESSIVE;
				GCC_WARN_UNUSED_FUNCTION = YES;
				GCC_WARN_UNUSED_VARIABLE = YES;
				IPHONEOS_DEPLOYMENT_TARGET = 9.3;
				MTL_ENABLE_DEBUG_INFO = YES;
				ONLY_ACTIVE_ARCH = YES;
				PROVISIONING_PROFILE = "b060e15c-358a-4315-8c12-df6da07bcc6a";
				SDKROOT = iphoneos;
			};
			name = Debug;
		};
		978F3F581CE90357004C3DD7 /* Release */ = {
			isa = XCBuildConfiguration;
			buildSettings = {
				ALWAYS_SEARCH_USER_PATHS = NO;
				CLANG_ANALYZER_NONNULL = YES;
				CLANG_CXX_LANGUAGE_STANDARD = "gnu++0x";
				CLANG_CXX_LIBRARY = "libc++";
				CLANG_ENABLE_MODULES = YES;
				CLANG_ENABLE_OBJC_ARC = YES;
				CLANG_WARN_BOOL_CONVERSION = YES;
				CLANG_WARN_CONSTANT_CONVERSION = YES;
				CLANG_WARN_DIRECT_OBJC_ISA_USAGE = YES_ERROR;
				CLANG_WARN_EMPTY_BODY = YES;
				CLANG_WARN_ENUM_CONVERSION = YES;
				CLANG_WARN_INT_CONVERSION = YES;
				CLANG_WARN_OBJC_ROOT_CLASS = YES_ERROR;
				CLANG_WARN_UNREACHABLE_CODE = YES;
				CLANG_WARN__DUPLICATE_METHOD_MATCH = YES;
				CODE_SIGN_IDENTITY = "iPhone Developer: Hussain Shabbir Hussain (286VQAS9G5)";
				"CODE_SIGN_IDENTITY[sdk=iphoneos*]" = "iPhone Developer: Hussain Shabbir Hussain (286VQAS9G5)";
				COPY_PHASE_STRIP = NO;
				DEBUG_INFORMATION_FORMAT = "dwarf-with-dsym";
				ENABLE_NS_ASSERTIONS = NO;
				ENABLE_STRICT_OBJC_MSGSEND = YES;
				GCC_C_LANGUAGE_STANDARD = gnu99;
				GCC_NO_COMMON_BLOCKS = YES;
				GCC_WARN_64_TO_32_BIT_CONVERSION = YES;
				GCC_WARN_ABOUT_RETURN_TYPE = YES_ERROR;
				GCC_WARN_UNDECLARED_SELECTOR = YES;
				GCC_WARN_UNINITIALIZED_AUTOS = YES_AGGRESSIVE;
				GCC_WARN_UNUSED_FUNCTION = YES;
				GCC_WARN_UNUSED_VARIABLE = YES;
				IPHONEOS_DEPLOYMENT_TARGET = 9.3;
				MTL_ENABLE_DEBUG_INFO = NO;
				PROVISIONING_PROFILE = "b060e15c-358a-4315-8c12-df6da07bcc6a";
				SDKROOT = iphoneos;
				VALIDATE_PRODUCT = YES;
			};
			name = Release;
		};
		978F3F5A1CE90357004C3DD7 /* Debug */ = {
			isa = XCBuildConfiguration;
			buildSettings = {
				ASSETCATALOG_COMPILER_APPICON_NAME = AppIcon;
				CODE_SIGN_IDENTITY = "iPhone Developer: Hussain Shabbir Hussain (286VQAS9G5)";
				INFOPLIST_FILE = OnDriveUtilities/Info.plist;
				LD_RUNPATH_SEARCH_PATHS = "$(inherited) @executable_path/Frameworks";
				PRODUCT_BUNDLE_IDENTIFIER = com.HussainCode.OnDriveUtilities;
				PRODUCT_NAME = "$(TARGET_NAME)";
				PROVISIONING_PROFILE = "b060e15c-358a-4315-8c12-df6da07bcc6a";
			};
			name = Debug;
		};
		978F3F5B1CE90357004C3DD7 /* Release */ = {
			isa = XCBuildConfiguration;
			buildSettings = {
				ASSETCATALOG_COMPILER_APPICON_NAME = AppIcon;
				CODE_SIGN_IDENTITY = "iPhone Developer: Hussain Shabbir Hussain (286VQAS9G5)";
				INFOPLIST_FILE = OnDriveUtilities/Info.plist;
				LD_RUNPATH_SEARCH_PATHS = "$(inherited) @executable_path/Frameworks";
				PRODUCT_BUNDLE_IDENTIFIER = com.HussainCode.OnDriveUtilities;
				PRODUCT_NAME = "$(TARGET_NAME)";
				PROVISIONING_PROFILE = "b060e15c-358a-4315-8c12-df6da07bcc6a";
			};
			name = Release;
		};
		978F3F5D1CE90357004C3DD7 /* Debug */ = {
			isa = XCBuildConfiguration;
			buildSettings = {
				BUNDLE_LOADER = "$(TEST_HOST)";
				INFOPLIST_FILE = OnDriveUtilitiesTests/Info.plist;
				LD_RUNPATH_SEARCH_PATHS = "$(inherited) @executable_path/Frameworks @loader_path/Frameworks";
				PRODUCT_BUNDLE_IDENTIFIER = com.HussainCode.OnDriveUtilitiesTests;
				PRODUCT_NAME = "$(TARGET_NAME)";
				TEST_HOST = "$(BUILT_PRODUCTS_DIR)/OnDriveUtilities.app/OnDriveUtilities";
			};
			name = Debug;
		};
		978F3F5E1CE90357004C3DD7 /* Release */ = {
			isa = XCBuildConfiguration;
			buildSettings = {
				BUNDLE_LOADER = "$(TEST_HOST)";
				INFOPLIST_FILE = OnDriveUtilitiesTests/Info.plist;
				LD_RUNPATH_SEARCH_PATHS = "$(inherited) @executable_path/Frameworks @loader_path/Frameworks";
				PRODUCT_BUNDLE_IDENTIFIER = com.HussainCode.OnDriveUtilitiesTests;
				PRODUCT_NAME = "$(TARGET_NAME)";
				TEST_HOST = "$(BUILT_PRODUCTS_DIR)/OnDriveUtilities.app/OnDriveUtilities";
			};
			name = Release;
		};
		978F3F601CE90357004C3DD7 /* Debug */ = {
			isa = XCBuildConfiguration;
			buildSettings = {
				INFOPLIST_FILE = OnDriveUtilitiesUITests/Info.plist;
				LD_RUNPATH_SEARCH_PATHS = "$(inherited) @executable_path/Frameworks @loader_path/Frameworks";
				PRODUCT_BUNDLE_IDENTIFIER = com.HussainCode.OnDriveUtilitiesUITests;
				PRODUCT_NAME = "$(TARGET_NAME)";
				TEST_TARGET_NAME = OnDriveUtilities;
			};
			name = Debug;
		};
		978F3F611CE90357004C3DD7 /* Release */ = {
			isa = XCBuildConfiguration;
			buildSettings = {
				INFOPLIST_FILE = OnDriveUtilitiesUITests/Info.plist;
				LD_RUNPATH_SEARCH_PATHS = "$(inherited) @executable_path/Frameworks @loader_path/Frameworks";
				PRODUCT_BUNDLE_IDENTIFIER = com.HussainCode.OnDriveUtilitiesUITests;
				PRODUCT_NAME = "$(TARGET_NAME)";
				TEST_TARGET_NAME = OnDriveUtilities;
			};
			name = Release;
		};
/* End XCBuildConfiguration section */

/* Begin XCConfigurationList section */
		978F3F271CE90357004C3DD7 /* Build configuration list for PBXProject "OnDriveUtilities" */ = {
			isa = XCConfigurationList;
			buildConfigurations = (
				978F3F571CE90357004C3DD7 /* Debug */,
				978F3F581CE90357004C3DD7 /* Release */,
			);
			defaultConfigurationIsVisible = 0;
			defaultConfigurationName = Release;
		};
		978F3F591CE90357004C3DD7 /* Build configuration list for PBXNativeTarget "OnDriveUtilities" */ = {
			isa = XCConfigurationList;
			buildConfigurations = (
				978F3F5A1CE90357004C3DD7 /* Debug */,
				978F3F5B1CE90357004C3DD7 /* Release */,
			);
			defaultConfigurationIsVisible = 0;
			defaultConfigurationName = Release;
		};
		978F3F5C1CE90357004C3DD7 /* Build configuration list for PBXNativeTarget "OnDriveUtilitiesTests" */ = {
			isa = XCConfigurationList;
			buildConfigurations = (
				978F3F5D1CE90357004C3DD7 /* Debug */,
				978F3F5E1CE90357004C3DD7 /* Release */,
			);
			defaultConfigurationIsVisible = 0;
			defaultConfigurationName = Release;
		};
		978F3F5F1CE90357004C3DD7 /* Build configuration list for PBXNativeTarget "OnDriveUtilitiesUITests" */ = {
			isa = XCConfigurationList;
			buildConfigurations = (
				978F3F601CE90357004C3DD7 /* Debug */,
				978F3F611CE90357004C3DD7 /* Release */,
			);
			defaultConfigurationIsVisible = 0;
			defaultConfigurationName = Release;
		};
/* End XCConfigurationList section */
	};
	rootObject = 978F3F241CE90357004C3DD7 /* Project object */;
}
